// !$*UTF8*$!
{
	archiveVersion = 1;
	classes = {
	};
	objectVersion = 56;
	objects = {

/* Begin PBXBuildFile section */
		B12A846F2AA6EFE700BDF8CA /* BinGongGan_SellerApp.swift in Sources */ = {isa = PBXBuildFile; fileRef = B12A846E2AA6EFE700BDF8CA /* BinGongGan_SellerApp.swift */; };
		B12A84732AA6EFE900BDF8CA /* Assets.xcassets in Resources */ = {isa = PBXBuildFile; fileRef = B12A84722AA6EFE900BDF8CA /* Assets.xcassets */; };
		B12A84802AA6EFEA00BDF8CA /* BinGongGan_SellerTests.swift in Sources */ = {isa = PBXBuildFile; fileRef = B12A847F2AA6EFEA00BDF8CA /* BinGongGan_SellerTests.swift */; };
		B12A848A2AA6EFEA00BDF8CA /* BinGongGan_SellerUITests.swift in Sources */ = {isa = PBXBuildFile; fileRef = B12A84892AA6EFEA00BDF8CA /* BinGongGan_SellerUITests.swift */; };
		B12A848C2AA6EFEA00BDF8CA /* BinGongGan_SellerUITestsLaunchTests.swift in Sources */ = {isa = PBXBuildFile; fileRef = B12A848B2AA6EFEA00BDF8CA /* BinGongGan_SellerUITestsLaunchTests.swift */; };
		B12A84D72AA6F06900BDF8CA /* FirebaseAuth in Frameworks */ = {isa = PBXBuildFile; productRef = B12A84D62AA6F06900BDF8CA /* FirebaseAuth */; };
		B12A84D92AA6F06900BDF8CA /* FirebaseFirestore in Frameworks */ = {isa = PBXBuildFile; productRef = B12A84D82AA6F06900BDF8CA /* FirebaseFirestore */; };
		B12A84DB2AA6F06900BDF8CA /* FirebaseFirestoreSwift in Frameworks */ = {isa = PBXBuildFile; productRef = B12A84DA2AA6F06900BDF8CA /* FirebaseFirestoreSwift */; };
		B12A84EE2AA6F0E800BDF8CA /* GoogleService-Info.plist in Resources */ = {isa = PBXBuildFile; fileRef = B12A84ED2AA6F0E800BDF8CA /* GoogleService-Info.plist */; };
		B12A84EF2AA6F0E800BDF8CA /* GoogleService-Info.plist in Resources */ = {isa = PBXBuildFile; fileRef = B12A84ED2AA6F0E800BDF8CA /* GoogleService-Info.plist */; };
		B12A84F02AA6F0E800BDF8CA /* GoogleService-Info.plist in Resources */ = {isa = PBXBuildFile; fileRef = B12A84ED2AA6F0E800BDF8CA /* GoogleService-Info.plist */; };
		B12A84FE2AA7A66000BDF8CA /* BinGongGanCore in Frameworks */ = {isa = PBXBuildFile; productRef = B12A84FD2AA7A66000BDF8CA /* BinGongGanCore */; };
		B12A85072AA7AA7500BDF8CA /* MainTabView.swift in Sources */ = {isa = PBXBuildFile; fileRef = B12A85062AA7AA7500BDF8CA /* MainTabView.swift */; };
		BCE658182AA8ABE60009ECD1 /* AnnouncementView.swift in Sources */ = {isa = PBXBuildFile; fileRef = BCE658172AA8ABE60009ECD1 /* AnnouncementView.swift */; };
		BCE658222AA8AC420009ECD1 /* MySpaceCell.swift in Sources */ = {isa = PBXBuildFile; fileRef = BCE6581E2AA8AC420009ECD1 /* MySpaceCell.swift */; };
		BCE658232AA8AC420009ECD1 /* ReviewCell.swift in Sources */ = {isa = PBXBuildFile; fileRef = BCE6581F2AA8AC420009ECD1 /* ReviewCell.swift */; };
		BCE658242AA8AC420009ECD1 /* ReservationCell.swift in Sources */ = {isa = PBXBuildFile; fileRef = BCE658202AA8AC420009ECD1 /* ReservationCell.swift */; };
		BCE658252AA8AC420009ECD1 /* SellerInformationCell.swift in Sources */ = {isa = PBXBuildFile; fileRef = BCE658212AA8AC420009ECD1 /* SellerInformationCell.swift */; };
		BCE6582F2AA8AC530009ECD1 /* CategoryButtonsView.swift in Sources */ = {isa = PBXBuildFile; fileRef = BCE658282AA8AC530009ECD1 /* CategoryButtonsView.swift */; };
		BCE658302AA8AC530009ECD1 /* CategoryButton.swift in Sources */ = {isa = PBXBuildFile; fileRef = BCE658292AA8AC530009ECD1 /* CategoryButton.swift */; };
		BCE658312AA8AC530009ECD1 /* HomeView.swift in Sources */ = {isa = PBXBuildFile; fileRef = BCE6582A2AA8AC530009ECD1 /* HomeView.swift */; };
		BCE658322AA8AC530009ECD1 /* ReservationListModalView.swift in Sources */ = {isa = PBXBuildFile; fileRef = BCE6582C2AA8AC530009ECD1 /* ReservationListModalView.swift */; };
		BCE658332AA8AC530009ECD1 /* CategoryModel.swift in Sources */ = {isa = PBXBuildFile; fileRef = BCE6582E2AA8AC530009ECD1 /* CategoryModel.swift */; };
		BCE658392AA8AC5A0009ECD1 /* PhotoSelectedView.swift in Sources */ = {isa = PBXBuildFile; fileRef = BCE658352AA8AC5A0009ECD1 /* PhotoSelectedView.swift */; };
		BCE6583A2AA8AC5A0009ECD1 /* PlaceMapView.swift in Sources */ = {isa = PBXBuildFile; fileRef = BCE658362AA8AC5A0009ECD1 /* PlaceMapView.swift */; };
		BCE6583B2AA8AC5A0009ECD1 /* PlaceInfomationButtonView.swift in Sources */ = {isa = PBXBuildFile; fileRef = BCE658372AA8AC5A0009ECD1 /* PlaceInfomationButtonView.swift */; };
		BCE6583C2AA8AC5A0009ECD1 /* PlaceAddView.swift in Sources */ = {isa = PBXBuildFile; fileRef = BCE658382AA8AC5A0009ECD1 /* PlaceAddView.swift */; };
		BCE658402AA8AC620009ECD1 /* ReviewManageDetailView.swift in Sources */ = {isa = PBXBuildFile; fileRef = BCE6583E2AA8AC620009ECD1 /* ReviewManageDetailView.swift */; };
		BCE658412AA8AC620009ECD1 /* ReviewManageView.swift in Sources */ = {isa = PBXBuildFile; fileRef = BCE6583F2AA8AC620009ECD1 /* ReviewManageView.swift */; };
		BCE658442AA8AD0E0009ECD1 /* MyInfoVIew.swift in Sources */ = {isa = PBXBuildFile; fileRef = BCE658422AA8AD0E0009ECD1 /* MyInfoVIew.swift */; };
		BCE658452AA8AD0E0009ECD1 /* MyPlaceManagementView.swift in Sources */ = {isa = PBXBuildFile; fileRef = BCE658432AA8AD0E0009ECD1 /* MyPlaceManagementView.swift */; };
/* End PBXBuildFile section */

/* Begin PBXContainerItemProxy section */
		B12A847C2AA6EFEA00BDF8CA /* PBXContainerItemProxy */ = {
			isa = PBXContainerItemProxy;
			containerPortal = B12A84632AA6EFE700BDF8CA /* Project object */;
			proxyType = 1;
			remoteGlobalIDString = B12A846A2AA6EFE700BDF8CA;
			remoteInfo = BinGongGan_Seller;
		};
		B12A84862AA6EFEA00BDF8CA /* PBXContainerItemProxy */ = {
			isa = PBXContainerItemProxy;
			containerPortal = B12A84632AA6EFE700BDF8CA /* Project object */;
			proxyType = 1;
			remoteGlobalIDString = B12A846A2AA6EFE700BDF8CA;
			remoteInfo = BinGongGan_Seller;
		};
/* End PBXContainerItemProxy section */

/* Begin PBXFileReference section */
		B12A846B2AA6EFE700BDF8CA /* BinGongGan_Seller.app */ = {isa = PBXFileReference; explicitFileType = wrapper.application; includeInIndex = 0; path = BinGongGan_Seller.app; sourceTree = BUILT_PRODUCTS_DIR; };
		B12A846E2AA6EFE700BDF8CA /* BinGongGan_SellerApp.swift */ = {isa = PBXFileReference; lastKnownFileType = sourcecode.swift; path = BinGongGan_SellerApp.swift; sourceTree = "<group>"; };
		B12A84722AA6EFE900BDF8CA /* Assets.xcassets */ = {isa = PBXFileReference; lastKnownFileType = folder.assetcatalog; path = Assets.xcassets; sourceTree = "<group>"; };
		B12A847B2AA6EFEA00BDF8CA /* BinGongGan_SellerTests.xctest */ = {isa = PBXFileReference; explicitFileType = wrapper.cfbundle; includeInIndex = 0; path = BinGongGan_SellerTests.xctest; sourceTree = BUILT_PRODUCTS_DIR; };
		B12A847F2AA6EFEA00BDF8CA /* BinGongGan_SellerTests.swift */ = {isa = PBXFileReference; lastKnownFileType = sourcecode.swift; path = BinGongGan_SellerTests.swift; sourceTree = "<group>"; };
		B12A84852AA6EFEA00BDF8CA /* BinGongGan_SellerUITests.xctest */ = {isa = PBXFileReference; explicitFileType = wrapper.cfbundle; includeInIndex = 0; path = BinGongGan_SellerUITests.xctest; sourceTree = BUILT_PRODUCTS_DIR; };
		B12A84892AA6EFEA00BDF8CA /* BinGongGan_SellerUITests.swift */ = {isa = PBXFileReference; lastKnownFileType = sourcecode.swift; path = BinGongGan_SellerUITests.swift; sourceTree = "<group>"; };
		B12A848B2AA6EFEA00BDF8CA /* BinGongGan_SellerUITestsLaunchTests.swift */ = {isa = PBXFileReference; lastKnownFileType = sourcecode.swift; path = BinGongGan_SellerUITestsLaunchTests.swift; sourceTree = "<group>"; };
		B12A84ED2AA6F0E800BDF8CA /* GoogleService-Info.plist */ = {isa = PBXFileReference; fileEncoding = 4; lastKnownFileType = text.plist.xml; path = "GoogleService-Info.plist"; sourceTree = "<group>"; };
		B12A85062AA7AA7500BDF8CA /* MainTabView.swift */ = {isa = PBXFileReference; lastKnownFileType = sourcecode.swift; path = MainTabView.swift; sourceTree = "<group>"; };
		BCE658172AA8ABE60009ECD1 /* AnnouncementView.swift */ = {isa = PBXFileReference; fileEncoding = 4; lastKnownFileType = sourcecode.swift; path = AnnouncementView.swift; sourceTree = "<group>"; };
		BCE6581E2AA8AC420009ECD1 /* MySpaceCell.swift */ = {isa = PBXFileReference; fileEncoding = 4; lastKnownFileType = sourcecode.swift; path = MySpaceCell.swift; sourceTree = "<group>"; };
		BCE6581F2AA8AC420009ECD1 /* ReviewCell.swift */ = {isa = PBXFileReference; fileEncoding = 4; lastKnownFileType = sourcecode.swift; path = ReviewCell.swift; sourceTree = "<group>"; };
		BCE658202AA8AC420009ECD1 /* ReservationCell.swift */ = {isa = PBXFileReference; fileEncoding = 4; lastKnownFileType = sourcecode.swift; path = ReservationCell.swift; sourceTree = "<group>"; };
		BCE658212AA8AC420009ECD1 /* SellerInformationCell.swift */ = {isa = PBXFileReference; fileEncoding = 4; lastKnownFileType = sourcecode.swift; path = SellerInformationCell.swift; sourceTree = "<group>"; };
		BCE658282AA8AC530009ECD1 /* CategoryButtonsView.swift */ = {isa = PBXFileReference; fileEncoding = 4; lastKnownFileType = sourcecode.swift; path = CategoryButtonsView.swift; sourceTree = "<group>"; };
		BCE658292AA8AC530009ECD1 /* CategoryButton.swift */ = {isa = PBXFileReference; fileEncoding = 4; lastKnownFileType = sourcecode.swift; path = CategoryButton.swift; sourceTree = "<group>"; };
		BCE6582A2AA8AC530009ECD1 /* HomeView.swift */ = {isa = PBXFileReference; fileEncoding = 4; lastKnownFileType = sourcecode.swift; path = HomeView.swift; sourceTree = "<group>"; };
		BCE6582C2AA8AC530009ECD1 /* ReservationListModalView.swift */ = {isa = PBXFileReference; fileEncoding = 4; lastKnownFileType = sourcecode.swift; path = ReservationListModalView.swift; sourceTree = "<group>"; };
		BCE6582E2AA8AC530009ECD1 /* CategoryModel.swift */ = {isa = PBXFileReference; fileEncoding = 4; lastKnownFileType = sourcecode.swift; path = CategoryModel.swift; sourceTree = "<group>"; };
		BCE658352AA8AC5A0009ECD1 /* PhotoSelectedView.swift */ = {isa = PBXFileReference; fileEncoding = 4; lastKnownFileType = sourcecode.swift; path = PhotoSelectedView.swift; sourceTree = "<group>"; };
		BCE658362AA8AC5A0009ECD1 /* PlaceMapView.swift */ = {isa = PBXFileReference; fileEncoding = 4; lastKnownFileType = sourcecode.swift; path = PlaceMapView.swift; sourceTree = "<group>"; };
		BCE658372AA8AC5A0009ECD1 /* PlaceInfomationButtonView.swift */ = {isa = PBXFileReference; fileEncoding = 4; lastKnownFileType = sourcecode.swift; path = PlaceInfomationButtonView.swift; sourceTree = "<group>"; };
		BCE658382AA8AC5A0009ECD1 /* PlaceAddView.swift */ = {isa = PBXFileReference; fileEncoding = 4; lastKnownFileType = sourcecode.swift; path = PlaceAddView.swift; sourceTree = "<group>"; };
		BCE6583E2AA8AC620009ECD1 /* ReviewManageDetailView.swift */ = {isa = PBXFileReference; fileEncoding = 4; lastKnownFileType = sourcecode.swift; path = ReviewManageDetailView.swift; sourceTree = "<group>"; };
		BCE6583F2AA8AC620009ECD1 /* ReviewManageView.swift */ = {isa = PBXFileReference; fileEncoding = 4; lastKnownFileType = sourcecode.swift; path = ReviewManageView.swift; sourceTree = "<group>"; };
		BCE658422AA8AD0E0009ECD1 /* MyInfoVIew.swift */ = {isa = PBXFileReference; fileEncoding = 4; lastKnownFileType = sourcecode.swift; path = MyInfoVIew.swift; sourceTree = "<group>"; };
		BCE658432AA8AD0E0009ECD1 /* MyPlaceManagementView.swift */ = {isa = PBXFileReference; fileEncoding = 4; lastKnownFileType = sourcecode.swift; path = MyPlaceManagementView.swift; sourceTree = "<group>"; };
/* End PBXFileReference section */

/* Begin PBXFrameworksBuildPhase section */
		B12A84682AA6EFE700BDF8CA /* Frameworks */ = {
			isa = PBXFrameworksBuildPhase;
			buildActionMask = 2147483647;
			files = (
				B12A84D72AA6F06900BDF8CA /* FirebaseAuth in Frameworks */,
				B12A84FE2AA7A66000BDF8CA /* BinGongGanCore in Frameworks */,
				B12A84D92AA6F06900BDF8CA /* FirebaseFirestore in Frameworks */,
				B12A84DB2AA6F06900BDF8CA /* FirebaseFirestoreSwift in Frameworks */,
			);
			runOnlyForDeploymentPostprocessing = 0;
		};
		B12A84782AA6EFEA00BDF8CA /* Frameworks */ = {
			isa = PBXFrameworksBuildPhase;
			buildActionMask = 2147483647;
			files = (
			);
			runOnlyForDeploymentPostprocessing = 0;
		};
		B12A84822AA6EFEA00BDF8CA /* Frameworks */ = {
			isa = PBXFrameworksBuildPhase;
			buildActionMask = 2147483647;
			files = (
			);
			runOnlyForDeploymentPostprocessing = 0;
		};
/* End PBXFrameworksBuildPhase section */

/* Begin PBXGroup section */
		B12A84622AA6EFE700BDF8CA = {
			isa = PBXGroup;
			children = (
				B12A846D2AA6EFE700BDF8CA /* BinGongGan_Seller */,
				B12A847E2AA6EFEA00BDF8CA /* BinGongGan_SellerTests */,
				B12A84882AA6EFEA00BDF8CA /* BinGongGan_SellerUITests */,
				B12A846C2AA6EFE700BDF8CA /* Products */,
				B12A84E62AA6F09900BDF8CA /* Frameworks */,
			);
			sourceTree = "<group>";
		};
		B12A846C2AA6EFE700BDF8CA /* Products */ = {
			isa = PBXGroup;
			children = (
				B12A846B2AA6EFE700BDF8CA /* BinGongGan_Seller.app */,
				B12A847B2AA6EFEA00BDF8CA /* BinGongGan_SellerTests.xctest */,
				B12A84852AA6EFEA00BDF8CA /* BinGongGan_SellerUITests.xctest */,
			);
			name = Products;
			sourceTree = "<group>";
		};
		B12A846D2AA6EFE700BDF8CA /* BinGongGan_Seller */ = {
			isa = PBXGroup;
			children = (
				BCE658422AA8AD0E0009ECD1 /* MyInfoVIew.swift */,
				BCE658432AA8AD0E0009ECD1 /* MyPlaceManagementView.swift */,
				BCE6583D2AA8AC620009ECD1 /* Review */,
				BCE658342AA8AC5A0009ECD1 /* PlaceAdd */,
				BCE658262AA8AC530009ECD1 /* Home */,
				BCE6581D2AA8AC420009ECD1 /* Cell */,
				B12A84722AA6EFE900BDF8CA /* Assets.xcassets */,
				B12A85012AA7A8DE00BDF8CA /* Document */,
				B12A85002AA7A8CA00BDF8CA /* App */,
				B12A85042AA7A98900BDF8CA /* TabBar */,
				B12A84742AA6EFE900BDF8CA /* Preview Content */,
			);
			path = BinGongGan_Seller;
			sourceTree = "<group>";
		};
		B12A84742AA6EFE900BDF8CA /* Preview Content */ = {
			isa = PBXGroup;
			children = (
				BCE658172AA8ABE60009ECD1 /* AnnouncementView.swift */,
			);
			path = "Preview Content";
			sourceTree = "<group>";
		};
		B12A847E2AA6EFEA00BDF8CA /* BinGongGan_SellerTests */ = {
			isa = PBXGroup;
			children = (
				B12A847F2AA6EFEA00BDF8CA /* BinGongGan_SellerTests.swift */,
			);
			path = BinGongGan_SellerTests;
			sourceTree = "<group>";
		};
		B12A84882AA6EFEA00BDF8CA /* BinGongGan_SellerUITests */ = {
			isa = PBXGroup;
			children = (
				B12A84892AA6EFEA00BDF8CA /* BinGongGan_SellerUITests.swift */,
				B12A848B2AA6EFEA00BDF8CA /* BinGongGan_SellerUITestsLaunchTests.swift */,
			);
			path = BinGongGan_SellerUITests;
			sourceTree = "<group>";
		};
		B12A84E62AA6F09900BDF8CA /* Frameworks */ = {
			isa = PBXGroup;
			children = (
			);
			name = Frameworks;
			sourceTree = "<group>";
		};
		B12A85002AA7A8CA00BDF8CA /* App */ = {
			isa = PBXGroup;
			children = (
				B12A846E2AA6EFE700BDF8CA /* BinGongGan_SellerApp.swift */,
			);
			name = App;
			sourceTree = "<group>";
		};
		B12A85012AA7A8DE00BDF8CA /* Document */ = {
			isa = PBXGroup;
			children = (
				B12A84ED2AA6F0E800BDF8CA /* GoogleService-Info.plist */,
			);
			path = Document;
			sourceTree = "<group>";
		};
		B12A85042AA7A98900BDF8CA /* TabBar */ = {
			isa = PBXGroup;
			children = (
				B12A85062AA7AA7500BDF8CA /* MainTabView.swift */,
			);
			path = TabBar;
			sourceTree = "<group>";
		};
		BCE6581D2AA8AC420009ECD1 /* Cell */ = {
			isa = PBXGroup;
			children = (
				BCE6581E2AA8AC420009ECD1 /* MySpaceCell.swift */,
				BCE6581F2AA8AC420009ECD1 /* ReviewCell.swift */,
				BCE658202AA8AC420009ECD1 /* ReservationCell.swift */,
				BCE658212AA8AC420009ECD1 /* SellerInformationCell.swift */,
			);
			path = Cell;
			sourceTree = "<group>";
		};
		BCE658262AA8AC530009ECD1 /* Home */ = {
			isa = PBXGroup;
			children = (
				BCE658272AA8AC530009ECD1 /* HomeCategory */,
				BCE6582A2AA8AC530009ECD1 /* HomeView.swift */,
				BCE6582B2AA8AC530009ECD1 /* Reservation */,
				BCE6582D2AA8AC530009ECD1 /* HomeModels */,
			);
			path = Home;
			sourceTree = "<group>";
		};
		BCE658272AA8AC530009ECD1 /* HomeCategory */ = {
			isa = PBXGroup;
			children = (
				BCE658282AA8AC530009ECD1 /* CategoryButtonsView.swift */,
				BCE658292AA8AC530009ECD1 /* CategoryButton.swift */,
			);
			path = HomeCategory;
			sourceTree = "<group>";
		};
		BCE6582B2AA8AC530009ECD1 /* Reservation */ = {
			isa = PBXGroup;
			children = (
				BCE6582C2AA8AC530009ECD1 /* ReservationListModalView.swift */,
			);
			path = Reservation;
			sourceTree = "<group>";
		};
		BCE6582D2AA8AC530009ECD1 /* HomeModels */ = {
			isa = PBXGroup;
			children = (
				BCE6582E2AA8AC530009ECD1 /* CategoryModel.swift */,
			);
			path = HomeModels;
			sourceTree = "<group>";
		};
		BCE658342AA8AC5A0009ECD1 /* PlaceAdd */ = {
			isa = PBXGroup;
			children = (
				BCE658352AA8AC5A0009ECD1 /* PhotoSelectedView.swift */,
				BCE658362AA8AC5A0009ECD1 /* PlaceMapView.swift */,
				BCE658372AA8AC5A0009ECD1 /* PlaceInfomationButtonView.swift */,
				BCE658382AA8AC5A0009ECD1 /* PlaceAddView.swift */,
			);
			path = PlaceAdd;
			sourceTree = "<group>";
		};
		BCE6583D2AA8AC620009ECD1 /* Review */ = {
			isa = PBXGroup;
			children = (
				BCE6583E2AA8AC620009ECD1 /* ReviewManageDetailView.swift */,
				BCE6583F2AA8AC620009ECD1 /* ReviewManageView.swift */,
			);
			path = Review;
			sourceTree = "<group>";
		};
/* End PBXGroup section */

/* Begin PBXNativeTarget section */
		B12A846A2AA6EFE700BDF8CA /* BinGongGan_Seller */ = {
			isa = PBXNativeTarget;
			buildConfigurationList = B12A848F2AA6EFEA00BDF8CA /* Build configuration list for PBXNativeTarget "BinGongGan_Seller" */;
			buildPhases = (
				B12A84672AA6EFE700BDF8CA /* Sources */,
				B12A84682AA6EFE700BDF8CA /* Frameworks */,
				B12A84692AA6EFE700BDF8CA /* Resources */,
			);
			buildRules = (
			);
			dependencies = (
			);
			name = BinGongGan_Seller;
			packageProductDependencies = (
				B12A84D62AA6F06900BDF8CA /* FirebaseAuth */,
				B12A84D82AA6F06900BDF8CA /* FirebaseFirestore */,
				B12A84DA2AA6F06900BDF8CA /* FirebaseFirestoreSwift */,
				B12A84FD2AA7A66000BDF8CA /* BinGongGanCore */,
			);
			productName = BinGongGan_Seller;
			productReference = B12A846B2AA6EFE700BDF8CA /* BinGongGan_Seller.app */;
			productType = "com.apple.product-type.application";
		};
		B12A847A2AA6EFEA00BDF8CA /* BinGongGan_SellerTests */ = {
			isa = PBXNativeTarget;
			buildConfigurationList = B12A84922AA6EFEA00BDF8CA /* Build configuration list for PBXNativeTarget "BinGongGan_SellerTests" */;
			buildPhases = (
				B12A84772AA6EFEA00BDF8CA /* Sources */,
				B12A84782AA6EFEA00BDF8CA /* Frameworks */,
				B12A84792AA6EFEA00BDF8CA /* Resources */,
			);
			buildRules = (
			);
			dependencies = (
				B12A847D2AA6EFEA00BDF8CA /* PBXTargetDependency */,
			);
			name = BinGongGan_SellerTests;
			productName = BinGongGan_SellerTests;
			productReference = B12A847B2AA6EFEA00BDF8CA /* BinGongGan_SellerTests.xctest */;
			productType = "com.apple.product-type.bundle.unit-test";
		};
		B12A84842AA6EFEA00BDF8CA /* BinGongGan_SellerUITests */ = {
			isa = PBXNativeTarget;
			buildConfigurationList = B12A84952AA6EFEA00BDF8CA /* Build configuration list for PBXNativeTarget "BinGongGan_SellerUITests" */;
			buildPhases = (
				B12A84812AA6EFEA00BDF8CA /* Sources */,
				B12A84822AA6EFEA00BDF8CA /* Frameworks */,
				B12A84832AA6EFEA00BDF8CA /* Resources */,
			);
			buildRules = (
			);
			dependencies = (
				B12A84872AA6EFEA00BDF8CA /* PBXTargetDependency */,
			);
			name = BinGongGan_SellerUITests;
			productName = BinGongGan_SellerUITests;
			productReference = B12A84852AA6EFEA00BDF8CA /* BinGongGan_SellerUITests.xctest */;
			productType = "com.apple.product-type.bundle.ui-testing";
		};
/* End PBXNativeTarget section */

/* Begin PBXProject section */
		B12A84632AA6EFE700BDF8CA /* Project object */ = {
			isa = PBXProject;
			attributes = {
				BuildIndependentTargetsInParallel = 1;
				LastSwiftUpdateCheck = 1430;
				LastUpgradeCheck = 1430;
				TargetAttributes = {
					B12A846A2AA6EFE700BDF8CA = {
						CreatedOnToolsVersion = 14.3.1;
					};
					B12A847A2AA6EFEA00BDF8CA = {
						CreatedOnToolsVersion = 14.3.1;
						TestTargetID = B12A846A2AA6EFE700BDF8CA;
					};
					B12A84842AA6EFEA00BDF8CA = {
						CreatedOnToolsVersion = 14.3.1;
						TestTargetID = B12A846A2AA6EFE700BDF8CA;
					};
				};
			};
			buildConfigurationList = B12A84662AA6EFE700BDF8CA /* Build configuration list for PBXProject "BinGongGan_Seller" */;
			compatibilityVersion = "Xcode 14.0";
			developmentRegion = en;
			hasScannedForEncodings = 0;
			knownRegions = (
				en,
				Base,
			);
			mainGroup = B12A84622AA6EFE700BDF8CA;
			packageReferences = (
				B12A84D52AA6F06900BDF8CA /* XCRemoteSwiftPackageReference "firebase-ios-sdk" */,
			);
			productRefGroup = B12A846C2AA6EFE700BDF8CA /* Products */;
			projectDirPath = "";
			projectRoot = "";
			targets = (
				B12A846A2AA6EFE700BDF8CA /* BinGongGan_Seller */,
				B12A847A2AA6EFEA00BDF8CA /* BinGongGan_SellerTests */,
				B12A84842AA6EFEA00BDF8CA /* BinGongGan_SellerUITests */,
			);
		};
/* End PBXProject section */

/* Begin PBXResourcesBuildPhase section */
		B12A84692AA6EFE700BDF8CA /* Resources */ = {
			isa = PBXResourcesBuildPhase;
			buildActionMask = 2147483647;
			files = (
				B12A84EE2AA6F0E800BDF8CA /* GoogleService-Info.plist in Resources */,
				B12A84732AA6EFE900BDF8CA /* Assets.xcassets in Resources */,
			);
			runOnlyForDeploymentPostprocessing = 0;
		};
		B12A84792AA6EFEA00BDF8CA /* Resources */ = {
			isa = PBXResourcesBuildPhase;
			buildActionMask = 2147483647;
			files = (
				B12A84EF2AA6F0E800BDF8CA /* GoogleService-Info.plist in Resources */,
			);
			runOnlyForDeploymentPostprocessing = 0;
		};
		B12A84832AA6EFEA00BDF8CA /* Resources */ = {
			isa = PBXResourcesBuildPhase;
			buildActionMask = 2147483647;
			files = (
				B12A84F02AA6F0E800BDF8CA /* GoogleService-Info.plist in Resources */,
			);
			runOnlyForDeploymentPostprocessing = 0;
		};
/* End PBXResourcesBuildPhase section */

/* Begin PBXSourcesBuildPhase section */
		B12A84672AA6EFE700BDF8CA /* Sources */ = {
			isa = PBXSourcesBuildPhase;
			buildActionMask = 2147483647;
			files = (
				BCE658302AA8AC530009ECD1 /* CategoryButton.swift in Sources */,
				BCE6583A2AA8AC5A0009ECD1 /* PlaceMapView.swift in Sources */,
				BCE658332AA8AC530009ECD1 /* CategoryModel.swift in Sources */,
				BCE658402AA8AC620009ECD1 /* ReviewManageDetailView.swift in Sources */,
				BCE658242AA8AC420009ECD1 /* ReservationCell.swift in Sources */,
				BCE658392AA8AC5A0009ECD1 /* PhotoSelectedView.swift in Sources */,
				B12A85072AA7AA7500BDF8CA /* MainTabView.swift in Sources */,
				BCE6583C2AA8AC5A0009ECD1 /* PlaceAddView.swift in Sources */,
				BCE658312AA8AC530009ECD1 /* HomeView.swift in Sources */,
				BCE658412AA8AC620009ECD1 /* ReviewManageView.swift in Sources */,
				BCE658232AA8AC420009ECD1 /* ReviewCell.swift in Sources */,
				BCE6583B2AA8AC5A0009ECD1 /* PlaceInfomationButtonView.swift in Sources */,
				BCE658252AA8AC420009ECD1 /* SellerInformationCell.swift in Sources */,
				BCE658442AA8AD0E0009ECD1 /* MyInfoVIew.swift in Sources */,
				BCE6582F2AA8AC530009ECD1 /* CategoryButtonsView.swift in Sources */,
				BCE658182AA8ABE60009ECD1 /* AnnouncementView.swift in Sources */,
				BCE658322AA8AC530009ECD1 /* ReservationListModalView.swift in Sources */,
				BCE658452AA8AD0E0009ECD1 /* MyPlaceManagementView.swift in Sources */,
				BCE658222AA8AC420009ECD1 /* MySpaceCell.swift in Sources */,
				B12A846F2AA6EFE700BDF8CA /* BinGongGan_SellerApp.swift in Sources */,
			);
			runOnlyForDeploymentPostprocessing = 0;
		};
		B12A84772AA6EFEA00BDF8CA /* Sources */ = {
			isa = PBXSourcesBuildPhase;
			buildActionMask = 2147483647;
			files = (
				B12A84802AA6EFEA00BDF8CA /* BinGongGan_SellerTests.swift in Sources */,
			);
			runOnlyForDeploymentPostprocessing = 0;
		};
		B12A84812AA6EFEA00BDF8CA /* Sources */ = {
			isa = PBXSourcesBuildPhase;
			buildActionMask = 2147483647;
			files = (
				B12A848A2AA6EFEA00BDF8CA /* BinGongGan_SellerUITests.swift in Sources */,
				B12A848C2AA6EFEA00BDF8CA /* BinGongGan_SellerUITestsLaunchTests.swift in Sources */,
			);
			runOnlyForDeploymentPostprocessing = 0;
		};
/* End PBXSourcesBuildPhase section */

/* Begin PBXTargetDependency section */
		B12A847D2AA6EFEA00BDF8CA /* PBXTargetDependency */ = {
			isa = PBXTargetDependency;
			target = B12A846A2AA6EFE700BDF8CA /* BinGongGan_Seller */;
			targetProxy = B12A847C2AA6EFEA00BDF8CA /* PBXContainerItemProxy */;
		};
		B12A84872AA6EFEA00BDF8CA /* PBXTargetDependency */ = {
			isa = PBXTargetDependency;
			target = B12A846A2AA6EFE700BDF8CA /* BinGongGan_Seller */;
			targetProxy = B12A84862AA6EFEA00BDF8CA /* PBXContainerItemProxy */;
		};
/* End PBXTargetDependency section */

/* Begin XCBuildConfiguration section */
		B12A848D2AA6EFEA00BDF8CA /* Debug */ = {
			isa = XCBuildConfiguration;
			buildSettings = {
				ALWAYS_SEARCH_USER_PATHS = NO;
				CLANG_ANALYZER_NONNULL = YES;
				CLANG_ANALYZER_NUMBER_OBJECT_CONVERSION = YES_AGGRESSIVE;
				CLANG_CXX_LANGUAGE_STANDARD = "gnu++20";
				CLANG_ENABLE_MODULES = YES;
				CLANG_ENABLE_OBJC_ARC = YES;
				CLANG_ENABLE_OBJC_WEAK = YES;
				CLANG_WARN_BLOCK_CAPTURE_AUTORELEASING = YES;
				CLANG_WARN_BOOL_CONVERSION = YES;
				CLANG_WARN_COMMA = YES;
				CLANG_WARN_CONSTANT_CONVERSION = YES;
				CLANG_WARN_DEPRECATED_OBJC_IMPLEMENTATIONS = YES;
				CLANG_WARN_DIRECT_OBJC_ISA_USAGE = YES_ERROR;
				CLANG_WARN_DOCUMENTATION_COMMENTS = YES;
				CLANG_WARN_EMPTY_BODY = YES;
				CLANG_WARN_ENUM_CONVERSION = YES;
				CLANG_WARN_INFINITE_RECURSION = YES;
				CLANG_WARN_INT_CONVERSION = YES;
				CLANG_WARN_NON_LITERAL_NULL_CONVERSION = YES;
				CLANG_WARN_OBJC_IMPLICIT_RETAIN_SELF = YES;
				CLANG_WARN_OBJC_LITERAL_CONVERSION = YES;
				CLANG_WARN_OBJC_ROOT_CLASS = YES_ERROR;
				CLANG_WARN_QUOTED_INCLUDE_IN_FRAMEWORK_HEADER = YES;
				CLANG_WARN_RANGE_LOOP_ANALYSIS = YES;
				CLANG_WARN_STRICT_PROTOTYPES = YES;
				CLANG_WARN_SUSPICIOUS_MOVE = YES;
				CLANG_WARN_UNGUARDED_AVAILABILITY = YES_AGGRESSIVE;
				CLANG_WARN_UNREACHABLE_CODE = YES;
				CLANG_WARN__DUPLICATE_METHOD_MATCH = YES;
				COPY_PHASE_STRIP = NO;
				DEBUG_INFORMATION_FORMAT = dwarf;
				ENABLE_STRICT_OBJC_MSGSEND = YES;
				ENABLE_TESTABILITY = YES;
				GCC_C_LANGUAGE_STANDARD = gnu11;
				GCC_DYNAMIC_NO_PIC = NO;
				GCC_NO_COMMON_BLOCKS = YES;
				GCC_OPTIMIZATION_LEVEL = 0;
				GCC_PREPROCESSOR_DEFINITIONS = (
					"DEBUG=1",
					"$(inherited)",
				);
				GCC_WARN_64_TO_32_BIT_CONVERSION = YES;
				GCC_WARN_ABOUT_RETURN_TYPE = YES_ERROR;
				GCC_WARN_UNDECLARED_SELECTOR = YES;
				GCC_WARN_UNINITIALIZED_AUTOS = YES_AGGRESSIVE;
				GCC_WARN_UNUSED_FUNCTION = YES;
				GCC_WARN_UNUSED_VARIABLE = YES;
				IPHONEOS_DEPLOYMENT_TARGET = 16.4;
				MTL_ENABLE_DEBUG_INFO = INCLUDE_SOURCE;
				MTL_FAST_MATH = YES;
				ONLY_ACTIVE_ARCH = YES;
				SDKROOT = iphoneos;
				SWIFT_ACTIVE_COMPILATION_CONDITIONS = DEBUG;
				SWIFT_OPTIMIZATION_LEVEL = "-Onone";
			};
			name = Debug;
		};
		B12A848E2AA6EFEA00BDF8CA /* Release */ = {
			isa = XCBuildConfiguration;
			buildSettings = {
				ALWAYS_SEARCH_USER_PATHS = NO;
				CLANG_ANALYZER_NONNULL = YES;
				CLANG_ANALYZER_NUMBER_OBJECT_CONVERSION = YES_AGGRESSIVE;
				CLANG_CXX_LANGUAGE_STANDARD = "gnu++20";
				CLANG_ENABLE_MODULES = YES;
				CLANG_ENABLE_OBJC_ARC = YES;
				CLANG_ENABLE_OBJC_WEAK = YES;
				CLANG_WARN_BLOCK_CAPTURE_AUTORELEASING = YES;
				CLANG_WARN_BOOL_CONVERSION = YES;
				CLANG_WARN_COMMA = YES;
				CLANG_WARN_CONSTANT_CONVERSION = YES;
				CLANG_WARN_DEPRECATED_OBJC_IMPLEMENTATIONS = YES;
				CLANG_WARN_DIRECT_OBJC_ISA_USAGE = YES_ERROR;
				CLANG_WARN_DOCUMENTATION_COMMENTS = YES;
				CLANG_WARN_EMPTY_BODY = YES;
				CLANG_WARN_ENUM_CONVERSION = YES;
				CLANG_WARN_INFINITE_RECURSION = YES;
				CLANG_WARN_INT_CONVERSION = YES;
				CLANG_WARN_NON_LITERAL_NULL_CONVERSION = YES;
				CLANG_WARN_OBJC_IMPLICIT_RETAIN_SELF = YES;
				CLANG_WARN_OBJC_LITERAL_CONVERSION = YES;
				CLANG_WARN_OBJC_ROOT_CLASS = YES_ERROR;
				CLANG_WARN_QUOTED_INCLUDE_IN_FRAMEWORK_HEADER = YES;
				CLANG_WARN_RANGE_LOOP_ANALYSIS = YES;
				CLANG_WARN_STRICT_PROTOTYPES = YES;
				CLANG_WARN_SUSPICIOUS_MOVE = YES;
				CLANG_WARN_UNGUARDED_AVAILABILITY = YES_AGGRESSIVE;
				CLANG_WARN_UNREACHABLE_CODE = YES;
				CLANG_WARN__DUPLICATE_METHOD_MATCH = YES;
				COPY_PHASE_STRIP = NO;
				DEBUG_INFORMATION_FORMAT = "dwarf-with-dsym";
				ENABLE_NS_ASSERTIONS = NO;
				ENABLE_STRICT_OBJC_MSGSEND = YES;
				GCC_C_LANGUAGE_STANDARD = gnu11;
				GCC_NO_COMMON_BLOCKS = YES;
				GCC_WARN_64_TO_32_BIT_CONVERSION = YES;
				GCC_WARN_ABOUT_RETURN_TYPE = YES_ERROR;
				GCC_WARN_UNDECLARED_SELECTOR = YES;
				GCC_WARN_UNINITIALIZED_AUTOS = YES_AGGRESSIVE;
				GCC_WARN_UNUSED_FUNCTION = YES;
				GCC_WARN_UNUSED_VARIABLE = YES;
				IPHONEOS_DEPLOYMENT_TARGET = 16.4;
				MTL_ENABLE_DEBUG_INFO = NO;
				MTL_FAST_MATH = YES;
				SDKROOT = iphoneos;
				SWIFT_COMPILATION_MODE = wholemodule;
				SWIFT_OPTIMIZATION_LEVEL = "-O";
				VALIDATE_PRODUCT = YES;
			};
			name = Release;
		};
		B12A84902AA6EFEA00BDF8CA /* Debug */ = {
			isa = XCBuildConfiguration;
			buildSettings = {
				ASSETCATALOG_COMPILER_APPICON_NAME = AppIcon;
				ASSETCATALOG_COMPILER_GLOBAL_ACCENT_COLOR_NAME = AccentColor;
				CODE_SIGN_STYLE = Automatic;
				CURRENT_PROJECT_VERSION = 1;
				DEVELOPMENT_ASSET_PATHS = "\"BinGongGan_Seller/Preview Content\"";
				ENABLE_PREVIEWS = YES;
				GENERATE_INFOPLIST_FILE = YES;
				INFOPLIST_KEY_CFBundleDisplayName = "빈공간_판매자";
				INFOPLIST_KEY_UIApplicationSceneManifest_Generation = YES;
				INFOPLIST_KEY_UIApplicationSupportsIndirectInputEvents = YES;
				INFOPLIST_KEY_UILaunchScreen_Generation = YES;
				INFOPLIST_KEY_UISupportedInterfaceOrientations_iPad = "UIInterfaceOrientationPortrait UIInterfaceOrientationPortraitUpsideDown UIInterfaceOrientationLandscapeLeft UIInterfaceOrientationLandscapeRight";
				INFOPLIST_KEY_UISupportedInterfaceOrientations_iPhone = "UIInterfaceOrientationPortrait UIInterfaceOrientationLandscapeLeft UIInterfaceOrientationLandscapeRight";
				LD_RUNPATH_SEARCH_PATHS = (
					"$(inherited)",
					"@executable_path/Frameworks",
				);
				MARKETING_VERSION = 1.0;
				PRODUCT_BUNDLE_IDENTIFIER = "com.ZD.BinGongGan-Seller";
				PRODUCT_NAME = "$(TARGET_NAME)";
				SWIFT_EMIT_LOC_STRINGS = YES;
				SWIFT_VERSION = 5.0;
				TARGETED_DEVICE_FAMILY = "1,2";
			};
			name = Debug;
		};
		B12A84912AA6EFEA00BDF8CA /* Release */ = {
			isa = XCBuildConfiguration;
			buildSettings = {
				ASSETCATALOG_COMPILER_APPICON_NAME = AppIcon;
				ASSETCATALOG_COMPILER_GLOBAL_ACCENT_COLOR_NAME = AccentColor;
				CODE_SIGN_STYLE = Automatic;
				CURRENT_PROJECT_VERSION = 1;
				DEVELOPMENT_ASSET_PATHS = "\"BinGongGan_Seller/Preview Content\"";
				ENABLE_PREVIEWS = YES;
				GENERATE_INFOPLIST_FILE = YES;
				INFOPLIST_KEY_CFBundleDisplayName = "빈공간_판매자";
				INFOPLIST_KEY_UIApplicationSceneManifest_Generation = YES;
				INFOPLIST_KEY_UIApplicationSupportsIndirectInputEvents = YES;
				INFOPLIST_KEY_UILaunchScreen_Generation = YES;
				INFOPLIST_KEY_UISupportedInterfaceOrientations_iPad = "UIInterfaceOrientationPortrait UIInterfaceOrientationPortraitUpsideDown UIInterfaceOrientationLandscapeLeft UIInterfaceOrientationLandscapeRight";
				INFOPLIST_KEY_UISupportedInterfaceOrientations_iPhone = "UIInterfaceOrientationPortrait UIInterfaceOrientationLandscapeLeft UIInterfaceOrientationLandscapeRight";
				LD_RUNPATH_SEARCH_PATHS = (
					"$(inherited)",
					"@executable_path/Frameworks",
				);
				MARKETING_VERSION = 1.0;
				PRODUCT_BUNDLE_IDENTIFIER = "com.ZD.BinGongGan-Seller";
				PRODUCT_NAME = "$(TARGET_NAME)";
				SWIFT_EMIT_LOC_STRINGS = YES;
				SWIFT_VERSION = 5.0;
				TARGETED_DEVICE_FAMILY = "1,2";
			};
			name = Release;
		};
		B12A84932AA6EFEA00BDF8CA /* Debug */ = {
			isa = XCBuildConfiguration;
			buildSettings = {
				ALWAYS_EMBED_SWIFT_STANDARD_LIBRARIES = YES;
				BUNDLE_LOADER = "$(TEST_HOST)";
				CODE_SIGN_STYLE = Automatic;
				CURRENT_PROJECT_VERSION = 1;
				GENERATE_INFOPLIST_FILE = YES;
				IPHONEOS_DEPLOYMENT_TARGET = 16.4;
				MARKETING_VERSION = 1.0;
				PRODUCT_BUNDLE_IDENTIFIER = "com.ZD.BinGongGan-SellerTests";
				PRODUCT_NAME = "$(TARGET_NAME)";
				SWIFT_EMIT_LOC_STRINGS = NO;
				SWIFT_VERSION = 5.0;
				TARGETED_DEVICE_FAMILY = "1,2";
				TEST_HOST = "$(BUILT_PRODUCTS_DIR)/BinGongGan_Seller.app/$(BUNDLE_EXECUTABLE_FOLDER_PATH)/BinGongGan_Seller";
			};
			name = Debug;
		};
		B12A84942AA6EFEA00BDF8CA /* Release */ = {
			isa = XCBuildConfiguration;
			buildSettings = {
				ALWAYS_EMBED_SWIFT_STANDARD_LIBRARIES = YES;
				BUNDLE_LOADER = "$(TEST_HOST)";
				CODE_SIGN_STYLE = Automatic;
				CURRENT_PROJECT_VERSION = 1;
				GENERATE_INFOPLIST_FILE = YES;
				IPHONEOS_DEPLOYMENT_TARGET = 16.4;
				MARKETING_VERSION = 1.0;
				PRODUCT_BUNDLE_IDENTIFIER = "com.ZD.BinGongGan-SellerTests";
				PRODUCT_NAME = "$(TARGET_NAME)";
				SWIFT_EMIT_LOC_STRINGS = NO;
				SWIFT_VERSION = 5.0;
				TARGETED_DEVICE_FAMILY = "1,2";
				TEST_HOST = "$(BUILT_PRODUCTS_DIR)/BinGongGan_Seller.app/$(BUNDLE_EXECUTABLE_FOLDER_PATH)/BinGongGan_Seller";
			};
			name = Release;
		};
		B12A84962AA6EFEA00BDF8CA /* Debug */ = {
			isa = XCBuildConfiguration;
			buildSettings = {
				ALWAYS_EMBED_SWIFT_STANDARD_LIBRARIES = YES;
				CODE_SIGN_STYLE = Automatic;
				CURRENT_PROJECT_VERSION = 1;
				GENERATE_INFOPLIST_FILE = YES;
				MARKETING_VERSION = 1.0;
				PRODUCT_BUNDLE_IDENTIFIER = "com.ZD.BinGongGan-SellerUITests";
				PRODUCT_NAME = "$(TARGET_NAME)";
				SWIFT_EMIT_LOC_STRINGS = NO;
				SWIFT_VERSION = 5.0;
				TARGETED_DEVICE_FAMILY = "1,2";
				TEST_TARGET_NAME = BinGongGan_Seller;
			};
			name = Debug;
		};
		B12A84972AA6EFEA00BDF8CA /* Release */ = {
			isa = XCBuildConfiguration;
			buildSettings = {
				ALWAYS_EMBED_SWIFT_STANDARD_LIBRARIES = YES;
				CODE_SIGN_STYLE = Automatic;
				CURRENT_PROJECT_VERSION = 1;
				GENERATE_INFOPLIST_FILE = YES;
				MARKETING_VERSION = 1.0;
				PRODUCT_BUNDLE_IDENTIFIER = "com.ZD.BinGongGan-SellerUITests";
				PRODUCT_NAME = "$(TARGET_NAME)";
				SWIFT_EMIT_LOC_STRINGS = NO;
				SWIFT_VERSION = 5.0;
				TARGETED_DEVICE_FAMILY = "1,2";
				TEST_TARGET_NAME = BinGongGan_Seller;
			};
			name = Release;
		};
/* End XCBuildConfiguration section */

/* Begin XCConfigurationList section */
		B12A84662AA6EFE700BDF8CA /* Build configuration list for PBXProject "BinGongGan_Seller" */ = {
			isa = XCConfigurationList;
			buildConfigurations = (
				B12A848D2AA6EFEA00BDF8CA /* Debug */,
				B12A848E2AA6EFEA00BDF8CA /* Release */,
			);
			defaultConfigurationIsVisible = 0;
			defaultConfigurationName = Release;
		};
		B12A848F2AA6EFEA00BDF8CA /* Build configuration list for PBXNativeTarget "BinGongGan_Seller" */ = {
			isa = XCConfigurationList;
			buildConfigurations = (
				B12A84902AA6EFEA00BDF8CA /* Debug */,
				B12A84912AA6EFEA00BDF8CA /* Release */,
			);
			defaultConfigurationIsVisible = 0;
			defaultConfigurationName = Release;
		};
		B12A84922AA6EFEA00BDF8CA /* Build configuration list for PBXNativeTarget "BinGongGan_SellerTests" */ = {
			isa = XCConfigurationList;
			buildConfigurations = (
				B12A84932AA6EFEA00BDF8CA /* Debug */,
				B12A84942AA6EFEA00BDF8CA /* Release */,
			);
			defaultConfigurationIsVisible = 0;
			defaultConfigurationName = Release;
		};
		B12A84952AA6EFEA00BDF8CA /* Build configuration list for PBXNativeTarget "BinGongGan_SellerUITests" */ = {
			isa = XCConfigurationList;
			buildConfigurations = (
				B12A84962AA6EFEA00BDF8CA /* Debug */,
				B12A84972AA6EFEA00BDF8CA /* Release */,
			);
			defaultConfigurationIsVisible = 0;
			defaultConfigurationName = Release;
		};
/* End XCConfigurationList section */

/* Begin XCRemoteSwiftPackageReference section */
		B12A84D52AA6F06900BDF8CA /* XCRemoteSwiftPackageReference "firebase-ios-sdk" */ = {
			isa = XCRemoteSwiftPackageReference;
			repositoryURL = "https://github.com/firebase/firebase-ios-sdk.git";
			requirement = {
				kind = upToNextMajorVersion;
				minimumVersion = 10.0.0;
			};
		};
/* End XCRemoteSwiftPackageReference section */

/* Begin XCSwiftPackageProductDependency section */
		B12A84D62AA6F06900BDF8CA /* FirebaseAuth */ = {
			isa = XCSwiftPackageProductDependency;
			package = B12A84D52AA6F06900BDF8CA /* XCRemoteSwiftPackageReference "firebase-ios-sdk" */;
			productName = FirebaseAuth;
		};
		B12A84D82AA6F06900BDF8CA /* FirebaseFirestore */ = {
			isa = XCSwiftPackageProductDependency;
			package = B12A84D52AA6F06900BDF8CA /* XCRemoteSwiftPackageReference "firebase-ios-sdk" */;
			productName = FirebaseFirestore;
		};
		B12A84DA2AA6F06900BDF8CA /* FirebaseFirestoreSwift */ = {
			isa = XCSwiftPackageProductDependency;
			package = B12A84D52AA6F06900BDF8CA /* XCRemoteSwiftPackageReference "firebase-ios-sdk" */;
			productName = FirebaseFirestoreSwift;
		};
		B12A84FD2AA7A66000BDF8CA /* BinGongGanCore */ = {
			isa = XCSwiftPackageProductDependency;
			productName = BinGongGanCore;
		};
/* End XCSwiftPackageProductDependency section */
	};
	rootObject = B12A84632AA6EFE700BDF8CA /* Project object */;
}
