// !$*UTF8*$!
{
	archiveVersion = 1;
	classes = {
	};
	objectVersion = 56;
	objects = {

/* Begin PBXBuildFile section */
		2F36A56B2AA81EEC00578AEB /* ReviewWithCommentCell.swift in Sources */ = {isa = PBXBuildFile; fileRef = 2F36A56A2AA81EEC00578AEB /* ReviewWithCommentCell.swift */; };
		2F36A56D2AA83E2100578AEB /* ReviewReportSheet.swift in Sources */ = {isa = PBXBuildFile; fileRef = 2F36A56C2AA83E2100578AEB /* ReviewReportSheet.swift */; };
		2F36A5722AA83E9200578AEB /* ReportCase.swift in Sources */ = {isa = PBXBuildFile; fileRef = 2F36A5712AA83E9200578AEB /* ReportCase.swift */; };
		2FAB80512AA7FF6D0091D8CC /* ReservationCell.swift in Sources */ = {isa = PBXBuildFile; fileRef = 2FAB804D2AA7FF6C0091D8CC /* ReservationCell.swift */; };
		2FAB80522AA7FF6D0091D8CC /* ReviewManageView.swift in Sources */ = {isa = PBXBuildFile; fileRef = 2FAB804E2AA7FF6C0091D8CC /* ReviewManageView.swift */; };
		2FAB80532AA7FF6D0091D8CC /* ReviewCell.swift in Sources */ = {isa = PBXBuildFile; fileRef = 2FAB804F2AA7FF6C0091D8CC /* ReviewCell.swift */; };
		2FAB80542AA7FF6D0091D8CC /* ReviewManageDetailView.swift in Sources */ = {isa = PBXBuildFile; fileRef = 2FAB80502AA7FF6D0091D8CC /* ReviewManageDetailView.swift */; };
		2FAB805C2AA7FFC10091D8CC /* MyPlaceManagementView.swift in Sources */ = {isa = PBXBuildFile; fileRef = 2FAB805B2AA7FFC10091D8CC /* MyPlaceManagementView.swift */; };
		2FAB805D2AA7FFC10091D8CC /* MyInfoVIew.swift in Sources */ = {isa = PBXBuildFile; fileRef = 2FAB805A2AA7FFC10091D8CC /* MyInfoVIew.swift */; };
		2FAB80612AA802040091D8CC /* MySpaceCell.swift in Sources */ = {isa = PBXBuildFile; fileRef = 2FAB80602AA802040091D8CC /* MySpaceCell.swift */; };
		2FAB80632AA8029A0091D8CC /* SellerInformationCell.swift in Sources */ = {isa = PBXBuildFile; fileRef = 2FAB80622AA8029A0091D8CC /* SellerInformationCell.swift */; };
		2FAB806A2AA807140091D8CC /* PlaceAddView.swift in Sources */ = {isa = PBXBuildFile; fileRef = 2FAB80662AA807130091D8CC /* PlaceAddView.swift */; };
		2FAB806B2AA807140091D8CC /* PhotoSelectedView.swift in Sources */ = {isa = PBXBuildFile; fileRef = 2FAB80672AA807130091D8CC /* PhotoSelectedView.swift */; };
		2FAB806C2AA807140091D8CC /* PlaceMapView.swift in Sources */ = {isa = PBXBuildFile; fileRef = 2FAB80682AA807140091D8CC /* PlaceMapView.swift */; };
		2FAB806D2AA807140091D8CC /* PlaceInfomationButtonView.swift in Sources */ = {isa = PBXBuildFile; fileRef = 2FAB80692AA807140091D8CC /* PlaceInfomationButtonView.swift */; };
		4B7420382AA80A5800818257 /* ReservationListModalView.swift in Sources */ = {isa = PBXBuildFile; fileRef = 4B7420372AA80A5800818257 /* ReservationListModalView.swift */; };
		4B74203B2AA80AAF00818257 /* HomeView.swift in Sources */ = {isa = PBXBuildFile; fileRef = 4B74203A2AA80AAF00818257 /* HomeView.swift */; };
		4B74203D2AA80ACC00818257 /* AnnouncementView.swift in Sources */ = {isa = PBXBuildFile; fileRef = 4B74203C2AA80ACC00818257 /* AnnouncementView.swift */; };
		4B7420402AA80AF500818257 /* CategoryButton.swift in Sources */ = {isa = PBXBuildFile; fileRef = 4B74203F2AA80AF500818257 /* CategoryButton.swift */; };
		4B7420422AA80B1B00818257 /* CategoryButtonsView.swift in Sources */ = {isa = PBXBuildFile; fileRef = 4B7420412AA80B1B00818257 /* CategoryButtonsView.swift */; };
		4B7420462AA80BA400818257 /* CategoryModel.swift in Sources */ = {isa = PBXBuildFile; fileRef = 4B7420452AA80BA400818257 /* CategoryModel.swift */; };
		4BC0BD722AA860AC00B792B8 /* AnnouncementTextRow.swift in Sources */ = {isa = PBXBuildFile; fileRef = 4BC0BD712AA860AC00B792B8 /* AnnouncementTextRow.swift */; };
		4BC0BD742AA860B900B792B8 /* AnnouncementDetailView.swift in Sources */ = {isa = PBXBuildFile; fileRef = 4BC0BD732AA860B900B792B8 /* AnnouncementDetailView.swift */; };
		545AA9C02AA8380000A281D0 /* PlaceModel.swift in Sources */ = {isa = PBXBuildFile; fileRef = 545AA9BF2AA8380000A281D0 /* PlaceModel.swift */; };
		545AA9C22AA83A8A00A281D0 /* PlaceInfomationModel.swift in Sources */ = {isa = PBXBuildFile; fileRef = 545AA9C12AA83A8A00A281D0 /* PlaceInfomationModel.swift */; };
		6A3B443C2AA83058008CC944 /* ReservationTapType.swift in Sources */ = {isa = PBXBuildFile; fileRef = 6A3B443B2AA83058008CC944 /* ReservationTapType.swift */; };
		6A3B443E2AA83067008CC944 /* DatePickerContent.swift in Sources */ = {isa = PBXBuildFile; fileRef = 6A3B443D2AA83067008CC944 /* DatePickerContent.swift */; };
		6A3B44402AA83081008CC944 /* RervationDetailsStore.swift in Sources */ = {isa = PBXBuildFile; fileRef = 6A3B443F2AA83081008CC944 /* RervationDetailsStore.swift */; };
		6A3B44422AA83099008CC944 /* ReservationDetailsView.swift in Sources */ = {isa = PBXBuildFile; fileRef = 6A3B44412AA83099008CC944 /* ReservationDetailsView.swift */; };
		6A3B44442AA830C3008CC944 /* ReservationTapBarView.swift in Sources */ = {isa = PBXBuildFile; fileRef = 6A3B44432AA830C3008CC944 /* ReservationTapBarView.swift */; };
		6A3B44462AA830D4008CC944 /* ReservationDetailsListView.swift in Sources */ = {isa = PBXBuildFile; fileRef = 6A3B44452AA830D4008CC944 /* ReservationDetailsListView.swift */; };
		6A3B44482AA830E2008CC944 /* ReservationDetailsPickerView.swift in Sources */ = {isa = PBXBuildFile; fileRef = 6A3B44472AA830E2008CC944 /* ReservationDetailsPickerView.swift */; };
		6A3B444A2AA830F4008CC944 /* ReservationDetailsCalendarView.swift in Sources */ = {isa = PBXBuildFile; fileRef = 6A3B44492AA830F4008CC944 /* ReservationDetailsCalendarView.swift */; };
		6A3B444C2AA83119008CC944 /* ReservationConfirmedCell.swift in Sources */ = {isa = PBXBuildFile; fileRef = 6A3B444B2AA83119008CC944 /* ReservationConfirmedCell.swift */; };
		B12A846F2AA6EFE700BDF8CA /* BinGongGan_SellerApp.swift in Sources */ = {isa = PBXBuildFile; fileRef = B12A846E2AA6EFE700BDF8CA /* BinGongGan_SellerApp.swift */; };
		B12A84732AA6EFE900BDF8CA /* Assets.xcassets in Resources */ = {isa = PBXBuildFile; fileRef = B12A84722AA6EFE900BDF8CA /* Assets.xcassets */; };
		B12A84762AA6EFE900BDF8CA /* Preview Assets.xcassets in Resources */ = {isa = PBXBuildFile; fileRef = B12A84752AA6EFE900BDF8CA /* Preview Assets.xcassets */; };
		B12A84802AA6EFEA00BDF8CA /* BinGongGan_SellerTests.swift in Sources */ = {isa = PBXBuildFile; fileRef = B12A847F2AA6EFEA00BDF8CA /* BinGongGan_SellerTests.swift */; };
		B12A848A2AA6EFEA00BDF8CA /* BinGongGan_SellerUITests.swift in Sources */ = {isa = PBXBuildFile; fileRef = B12A84892AA6EFEA00BDF8CA /* BinGongGan_SellerUITests.swift */; };
		B12A848C2AA6EFEA00BDF8CA /* BinGongGan_SellerUITestsLaunchTests.swift in Sources */ = {isa = PBXBuildFile; fileRef = B12A848B2AA6EFEA00BDF8CA /* BinGongGan_SellerUITestsLaunchTests.swift */; };
		B12A84D72AA6F06900BDF8CA /* FirebaseAuth in Frameworks */ = {isa = PBXBuildFile; productRef = B12A84D62AA6F06900BDF8CA /* FirebaseAuth */; };
		B12A84D92AA6F06900BDF8CA /* FirebaseFirestore in Frameworks */ = {isa = PBXBuildFile; productRef = B12A84D82AA6F06900BDF8CA /* FirebaseFirestore */; };
		B12A84DB2AA6F06900BDF8CA /* FirebaseFirestoreSwift in Frameworks */ = {isa = PBXBuildFile; productRef = B12A84DA2AA6F06900BDF8CA /* FirebaseFirestoreSwift */; };
		B12A84FE2AA7A66000BDF8CA /* BinGongGanCore in Frameworks */ = {isa = PBXBuildFile; productRef = B12A84FD2AA7A66000BDF8CA /* BinGongGanCore */; };
/* End PBXBuildFile section */

/* Begin PBXContainerItemProxy section */
		B12A847C2AA6EFEA00BDF8CA /* PBXContainerItemProxy */ = {
			isa = PBXContainerItemProxy;
			containerPortal = B12A84632AA6EFE700BDF8CA /* Project object */;
			proxyType = 1;
			remoteGlobalIDString = B12A846A2AA6EFE700BDF8CA;
			remoteInfo = BinGongGan_Seller;
		};
		B12A84862AA6EFEA00BDF8CA /* PBXContainerItemProxy */ = {
			isa = PBXContainerItemProxy;
			containerPortal = B12A84632AA6EFE700BDF8CA /* Project object */;
			proxyType = 1;
			remoteGlobalIDString = B12A846A2AA6EFE700BDF8CA;
			remoteInfo = BinGongGan_Seller;
		};
/* End PBXContainerItemProxy section */

/* Begin PBXFileReference section */
		2F36A56A2AA81EEC00578AEB /* ReviewWithCommentCell.swift */ = {isa = PBXFileReference; lastKnownFileType = sourcecode.swift; path = ReviewWithCommentCell.swift; sourceTree = "<group>"; };
		2F36A56C2AA83E2100578AEB /* ReviewReportSheet.swift */ = {isa = PBXFileReference; lastKnownFileType = sourcecode.swift; path = ReviewReportSheet.swift; sourceTree = "<group>"; };
		2F36A5712AA83E9200578AEB /* ReportCase.swift */ = {isa = PBXFileReference; lastKnownFileType = sourcecode.swift; path = ReportCase.swift; sourceTree = "<group>"; };
		2FAB804D2AA7FF6C0091D8CC /* ReservationCell.swift */ = {isa = PBXFileReference; fileEncoding = 4; lastKnownFileType = sourcecode.swift; path = ReservationCell.swift; sourceTree = "<group>"; };
		2FAB804E2AA7FF6C0091D8CC /* ReviewManageView.swift */ = {isa = PBXFileReference; fileEncoding = 4; lastKnownFileType = sourcecode.swift; path = ReviewManageView.swift; sourceTree = "<group>"; };
		2FAB804F2AA7FF6C0091D8CC /* ReviewCell.swift */ = {isa = PBXFileReference; fileEncoding = 4; lastKnownFileType = sourcecode.swift; path = ReviewCell.swift; sourceTree = "<group>"; };
		2FAB80502AA7FF6D0091D8CC /* ReviewManageDetailView.swift */ = {isa = PBXFileReference; fileEncoding = 4; lastKnownFileType = sourcecode.swift; path = ReviewManageDetailView.swift; sourceTree = "<group>"; };
		2FAB805A2AA7FFC10091D8CC /* MyInfoVIew.swift */ = {isa = PBXFileReference; lastKnownFileType = sourcecode.swift; path = MyInfoVIew.swift; sourceTree = "<group>"; };
		2FAB805B2AA7FFC10091D8CC /* MyPlaceManagementView.swift */ = {isa = PBXFileReference; lastKnownFileType = sourcecode.swift; path = MyPlaceManagementView.swift; sourceTree = "<group>"; };
		2FAB80602AA802040091D8CC /* MySpaceCell.swift */ = {isa = PBXFileReference; fileEncoding = 4; lastKnownFileType = sourcecode.swift; path = MySpaceCell.swift; sourceTree = "<group>"; };
		2FAB80622AA8029A0091D8CC /* SellerInformationCell.swift */ = {isa = PBXFileReference; fileEncoding = 4; lastKnownFileType = sourcecode.swift; path = SellerInformationCell.swift; sourceTree = "<group>"; };
		2FAB80662AA807130091D8CC /* PlaceAddView.swift */ = {isa = PBXFileReference; fileEncoding = 4; lastKnownFileType = sourcecode.swift; path = PlaceAddView.swift; sourceTree = "<group>"; };
		2FAB80672AA807130091D8CC /* PhotoSelectedView.swift */ = {isa = PBXFileReference; fileEncoding = 4; lastKnownFileType = sourcecode.swift; path = PhotoSelectedView.swift; sourceTree = "<group>"; };
		2FAB80682AA807140091D8CC /* PlaceMapView.swift */ = {isa = PBXFileReference; fileEncoding = 4; lastKnownFileType = sourcecode.swift; path = PlaceMapView.swift; sourceTree = "<group>"; };
		2FAB80692AA807140091D8CC /* PlaceInfomationButtonView.swift */ = {isa = PBXFileReference; fileEncoding = 4; lastKnownFileType = sourcecode.swift; path = PlaceInfomationButtonView.swift; sourceTree = "<group>"; };
		4B7420372AA80A5800818257 /* ReservationListModalView.swift */ = {isa = PBXFileReference; lastKnownFileType = sourcecode.swift; path = ReservationListModalView.swift; sourceTree = "<group>"; };
		4B74203A2AA80AAF00818257 /* HomeView.swift */ = {isa = PBXFileReference; lastKnownFileType = sourcecode.swift; path = HomeView.swift; sourceTree = "<group>"; };
		4B74203C2AA80ACC00818257 /* AnnouncementView.swift */ = {isa = PBXFileReference; lastKnownFileType = sourcecode.swift; path = AnnouncementView.swift; sourceTree = "<group>"; };
		4B74203F2AA80AF500818257 /* CategoryButton.swift */ = {isa = PBXFileReference; lastKnownFileType = sourcecode.swift; path = CategoryButton.swift; sourceTree = "<group>"; };
		4B7420412AA80B1B00818257 /* CategoryButtonsView.swift */ = {isa = PBXFileReference; lastKnownFileType = sourcecode.swift; path = CategoryButtonsView.swift; sourceTree = "<group>"; };
		4B7420452AA80BA400818257 /* CategoryModel.swift */ = {isa = PBXFileReference; lastKnownFileType = sourcecode.swift; path = CategoryModel.swift; sourceTree = "<group>"; };
		4BC0BD712AA860AC00B792B8 /* AnnouncementTextRow.swift */ = {isa = PBXFileReference; lastKnownFileType = sourcecode.swift; path = AnnouncementTextRow.swift; sourceTree = "<group>"; };
		4BC0BD732AA860B900B792B8 /* AnnouncementDetailView.swift */ = {isa = PBXFileReference; lastKnownFileType = sourcecode.swift; path = AnnouncementDetailView.swift; sourceTree = "<group>"; };
		545AA9BF2AA8380000A281D0 /* PlaceModel.swift */ = {isa = PBXFileReference; lastKnownFileType = sourcecode.swift; path = PlaceModel.swift; sourceTree = "<group>"; };
		545AA9C12AA83A8A00A281D0 /* PlaceInfomationModel.swift */ = {isa = PBXFileReference; lastKnownFileType = sourcecode.swift; path = PlaceInfomationModel.swift; sourceTree = "<group>"; };
		6A3B443B2AA83058008CC944 /* ReservationTapType.swift */ = {isa = PBXFileReference; lastKnownFileType = sourcecode.swift; path = ReservationTapType.swift; sourceTree = "<group>"; };
		6A3B443D2AA83067008CC944 /* DatePickerContent.swift */ = {isa = PBXFileReference; lastKnownFileType = sourcecode.swift; path = DatePickerContent.swift; sourceTree = "<group>"; };
		6A3B443F2AA83081008CC944 /* RervationDetailsStore.swift */ = {isa = PBXFileReference; lastKnownFileType = sourcecode.swift; path = RervationDetailsStore.swift; sourceTree = "<group>"; };
		6A3B44412AA83099008CC944 /* ReservationDetailsView.swift */ = {isa = PBXFileReference; lastKnownFileType = sourcecode.swift; path = ReservationDetailsView.swift; sourceTree = "<group>"; };
		6A3B44432AA830C3008CC944 /* ReservationTapBarView.swift */ = {isa = PBXFileReference; lastKnownFileType = sourcecode.swift; path = ReservationTapBarView.swift; sourceTree = "<group>"; };
		6A3B44452AA830D4008CC944 /* ReservationDetailsListView.swift */ = {isa = PBXFileReference; lastKnownFileType = sourcecode.swift; path = ReservationDetailsListView.swift; sourceTree = "<group>"; };
		6A3B44472AA830E2008CC944 /* ReservationDetailsPickerView.swift */ = {isa = PBXFileReference; lastKnownFileType = sourcecode.swift; path = ReservationDetailsPickerView.swift; sourceTree = "<group>"; };
		6A3B44492AA830F4008CC944 /* ReservationDetailsCalendarView.swift */ = {isa = PBXFileReference; lastKnownFileType = sourcecode.swift; path = ReservationDetailsCalendarView.swift; sourceTree = "<group>"; };
		6A3B444B2AA83119008CC944 /* ReservationConfirmedCell.swift */ = {isa = PBXFileReference; lastKnownFileType = sourcecode.swift; path = ReservationConfirmedCell.swift; sourceTree = "<group>"; };
		B12A846B2AA6EFE700BDF8CA /* BinGongGan_Seller.app */ = {isa = PBXFileReference; explicitFileType = wrapper.application; includeInIndex = 0; path = BinGongGan_Seller.app; sourceTree = BUILT_PRODUCTS_DIR; };
		B12A846E2AA6EFE700BDF8CA /* BinGongGan_SellerApp.swift */ = {isa = PBXFileReference; lastKnownFileType = sourcecode.swift; path = BinGongGan_SellerApp.swift; sourceTree = "<group>"; };
		B12A84722AA6EFE900BDF8CA /* Assets.xcassets */ = {isa = PBXFileReference; lastKnownFileType = folder.assetcatalog; path = Assets.xcassets; sourceTree = "<group>"; };
		B12A84752AA6EFE900BDF8CA /* Preview Assets.xcassets */ = {isa = PBXFileReference; lastKnownFileType = folder.assetcatalog; path = "Preview Assets.xcassets"; sourceTree = "<group>"; };
		B12A847B2AA6EFEA00BDF8CA /* BinGongGan_SellerTests.xctest */ = {isa = PBXFileReference; explicitFileType = wrapper.cfbundle; includeInIndex = 0; path = BinGongGan_SellerTests.xctest; sourceTree = BUILT_PRODUCTS_DIR; };
		B12A847F2AA6EFEA00BDF8CA /* BinGongGan_SellerTests.swift */ = {isa = PBXFileReference; lastKnownFileType = sourcecode.swift; path = BinGongGan_SellerTests.swift; sourceTree = "<group>"; };
		B12A84852AA6EFEA00BDF8CA /* BinGongGan_SellerUITests.xctest */ = {isa = PBXFileReference; explicitFileType = wrapper.cfbundle; includeInIndex = 0; path = BinGongGan_SellerUITests.xctest; sourceTree = BUILT_PRODUCTS_DIR; };
		B12A84892AA6EFEA00BDF8CA /* BinGongGan_SellerUITests.swift */ = {isa = PBXFileReference; lastKnownFileType = sourcecode.swift; path = BinGongGan_SellerUITests.swift; sourceTree = "<group>"; };
		B12A848B2AA6EFEA00BDF8CA /* BinGongGan_SellerUITestsLaunchTests.swift */ = {isa = PBXFileReference; lastKnownFileType = sourcecode.swift; path = BinGongGan_SellerUITestsLaunchTests.swift; sourceTree = "<group>"; };
/* End PBXFileReference section */

/* Begin PBXFrameworksBuildPhase section */
		B12A84682AA6EFE700BDF8CA /* Frameworks */ = {
			isa = PBXFrameworksBuildPhase;
			buildActionMask = 2147483647;
			files = (
				B12A84D72AA6F06900BDF8CA /* FirebaseAuth in Frameworks */,
				B12A84FE2AA7A66000BDF8CA /* BinGongGanCore in Frameworks */,
				B12A84D92AA6F06900BDF8CA /* FirebaseFirestore in Frameworks */,
				B12A84DB2AA6F06900BDF8CA /* FirebaseFirestoreSwift in Frameworks */,
			);
			runOnlyForDeploymentPostprocessing = 0;
		};
		B12A84782AA6EFEA00BDF8CA /* Frameworks */ = {
			isa = PBXFrameworksBuildPhase;
			buildActionMask = 2147483647;
			files = (
			);
			runOnlyForDeploymentPostprocessing = 0;
		};
		B12A84822AA6EFEA00BDF8CA /* Frameworks */ = {
			isa = PBXFrameworksBuildPhase;
			buildActionMask = 2147483647;
			files = (
			);
			runOnlyForDeploymentPostprocessing = 0;
		};
/* End PBXFrameworksBuildPhase section */

/* Begin PBXGroup section */
		2F36A56E2AA83E2600578AEB /* Sheet */ = {
			isa = PBXGroup;
			children = (
				2F36A56C2AA83E2100578AEB /* ReviewReportSheet.swift */,
			);
			path = Sheet;
			sourceTree = "<group>";
		};
		2F36A56F2AA83E5E00578AEB /* Model */ = {
			isa = PBXGroup;
			children = (
				2F36A5712AA83E9200578AEB /* ReportCase.swift */,
			);
			path = Model;
			sourceTree = "<group>";
		};
		2FAB80552AA7FF960091D8CC /* PlaceAdd */ = {
			isa = PBXGroup;
			children = (
				2FAB80662AA807130091D8CC /* PlaceAddView.swift */,
				2FAB80692AA807140091D8CC /* PlaceInfomationButtonView.swift */,
				2FAB80672AA807130091D8CC /* PhotoSelectedView.swift */,
				2FAB80682AA807140091D8CC /* PlaceMapView.swift */,
				545AA9BF2AA8380000A281D0 /* PlaceModel.swift */,
				545AA9C12AA83A8A00A281D0 /* PlaceInfomationModel.swift */,
			);
			path = PlaceAdd;
			sourceTree = "<group>";
		};
		2FAB805E2AA7FFD20091D8CC /* Cell */ = {
			isa = PBXGroup;
			children = (
				2FAB80602AA802040091D8CC /* MySpaceCell.swift */,
				2FAB80622AA8029A0091D8CC /* SellerInformationCell.swift */,
				2FAB804D2AA7FF6C0091D8CC /* ReservationCell.swift */,
				2FAB804F2AA7FF6C0091D8CC /* ReviewCell.swift */,
				6A3B444B2AA83119008CC944 /* ReservationConfirmedCell.swift */,
				2F36A56A2AA81EEC00578AEB /* ReviewWithCommentCell.swift */,
			);
			path = Cell;
			sourceTree = "<group>";
		};
		2FAB805F2AA7FFF30091D8CC /* Review */ = {
			isa = PBXGroup;
			children = (
				2F36A56F2AA83E5E00578AEB /* Model */,
				2FAB804E2AA7FF6C0091D8CC /* ReviewManageView.swift */,
				2FAB80502AA7FF6D0091D8CC /* ReviewManageDetailView.swift */,
				2F36A56E2AA83E2600578AEB /* Sheet */,
			);
			path = Review;
			sourceTree = "<group>";
		};
		4B7420392AA80A9000818257 /* Home */ = {
			isa = PBXGroup;
			children = (
				4B7420442AA80B6500818257 /* HomeModels */,
				4B7420432AA80B3A00818257 /* Reservation */,
				4B74203E2AA80AD800818257 /* HomeCategory */,
				4B74203A2AA80AAF00818257 /* HomeView.swift */,
			);
			path = Home;
			sourceTree = "<group>";
		};
		4B74203E2AA80AD800818257 /* HomeCategory */ = {
			isa = PBXGroup;
			children = (
				4B74203F2AA80AF500818257 /* CategoryButton.swift */,
				4B7420412AA80B1B00818257 /* CategoryButtonsView.swift */,
			);
			path = HomeCategory;
			sourceTree = "<group>";
		};
		4B7420432AA80B3A00818257 /* Reservation */ = {
			isa = PBXGroup;
			children = (
				4B7420372AA80A5800818257 /* ReservationListModalView.swift */,
			);
			path = Reservation;
			sourceTree = "<group>";
		};
		4B7420442AA80B6500818257 /* HomeModels */ = {
			isa = PBXGroup;
			children = (
				4B7420452AA80BA400818257 /* CategoryModel.swift */,
			);
			path = HomeModels;
			sourceTree = "<group>";
		};
		4B7420492AA80F2C00818257 /* Document */ = {
			isa = PBXGroup;
			children = (
			);
			path = Document;
			sourceTree = "<group>";
		};
		4BC0BD702AA8607F00B792B8 /* Announcement */ = {
			isa = PBXGroup;
			children = (
				4B74203C2AA80ACC00818257 /* AnnouncementView.swift */,
				4BC0BD712AA860AC00B792B8 /* AnnouncementTextRow.swift */,
				4BC0BD732AA860B900B792B8 /* AnnouncementDetailView.swift */,
			);
			path = Announcement;
			sourceTree = "<group>";
		};
		6A3B44362AA82F83008CC944 /* ReservationDetails */ = {
			isa = PBXGroup;
			children = (
				6A3B44392AA82FBC008CC944 /* ReservationDetailsStore */,
				6A3B44382AA82FB0008CC944 /* ReservationDetailsModels */,
				6A3B44372AA82FA6008CC944 /* ReservationDetailsViews */,
			);
			path = ReservationDetails;
			sourceTree = "<group>";
		};
		6A3B44372AA82FA6008CC944 /* ReservationDetailsViews */ = {
			isa = PBXGroup;
			children = (
				6A3B44412AA83099008CC944 /* ReservationDetailsView.swift */,
				6A3B44432AA830C3008CC944 /* ReservationTapBarView.swift */,
				6A3B44452AA830D4008CC944 /* ReservationDetailsListView.swift */,
				6A3B44472AA830E2008CC944 /* ReservationDetailsPickerView.swift */,
				6A3B44492AA830F4008CC944 /* ReservationDetailsCalendarView.swift */,
			);
			path = ReservationDetailsViews;
			sourceTree = "<group>";
		};
		6A3B44382AA82FB0008CC944 /* ReservationDetailsModels */ = {
			isa = PBXGroup;
			children = (
				6A3B443A2AA83048008CC944 /* Enums */,
			);
			path = ReservationDetailsModels;
			sourceTree = "<group>";
		};
		6A3B44392AA82FBC008CC944 /* ReservationDetailsStore */ = {
			isa = PBXGroup;
			children = (
				6A3B443F2AA83081008CC944 /* RervationDetailsStore.swift */,
			);
			path = ReservationDetailsStore;
			sourceTree = "<group>";
		};
		6A3B443A2AA83048008CC944 /* Enums */ = {
			isa = PBXGroup;
			children = (
				6A3B443B2AA83058008CC944 /* ReservationTapType.swift */,
				6A3B443D2AA83067008CC944 /* DatePickerContent.swift */,
			);
			path = Enums;
			sourceTree = "<group>";
		};
		B12A84622AA6EFE700BDF8CA = {
			isa = PBXGroup;
			children = (
				B12A846D2AA6EFE700BDF8CA /* BinGongGan_Seller */,
				B12A847E2AA6EFEA00BDF8CA /* BinGongGan_SellerTests */,
				B12A84882AA6EFEA00BDF8CA /* BinGongGan_SellerUITests */,
				B12A846C2AA6EFE700BDF8CA /* Products */,
				B12A84E62AA6F09900BDF8CA /* Frameworks */,
			);
			sourceTree = "<group>";
		};
		B12A846C2AA6EFE700BDF8CA /* Products */ = {
			isa = PBXGroup;
			children = (
				B12A846B2AA6EFE700BDF8CA /* BinGongGan_Seller.app */,
				B12A847B2AA6EFEA00BDF8CA /* BinGongGan_SellerTests.xctest */,
				B12A84852AA6EFEA00BDF8CA /* BinGongGan_SellerUITests.xctest */,
			);
			name = Products;
			sourceTree = "<group>";
		};
		B12A846D2AA6EFE700BDF8CA /* BinGongGan_Seller */ = {
			isa = PBXGroup;
			children = (
				4BC0BD702AA8607F00B792B8 /* Announcement */,
				4B7420492AA80F2C00818257 /* Document */,
				B12A85002AA7A8CA00BDF8CA /* App */,
				2FAB805E2AA7FFD20091D8CC /* Cell */,
				4B7420392AA80A9000818257 /* Home */,
				6A3B44362AA82F83008CC944 /* ReservationDetails */,
				2FAB80552AA7FF960091D8CC /* PlaceAdd */,
				2FAB805F2AA7FFF30091D8CC /* Review */,
				2FAB805A2AA7FFC10091D8CC /* MyInfoVIew.swift */,
				2FAB805B2AA7FFC10091D8CC /* MyPlaceManagementView.swift */,
				B12A84722AA6EFE900BDF8CA /* Assets.xcassets */,
				B12A84742AA6EFE900BDF8CA /* Preview Content */,
			);
			path = BinGongGan_Seller;
			sourceTree = "<group>";
		};
		B12A84742AA6EFE900BDF8CA /* Preview Content */ = {
			isa = PBXGroup;
			children = (
				B12A84752AA6EFE900BDF8CA /* Preview Assets.xcassets */,
			);
			path = "Preview Content";
			sourceTree = "<group>";
		};
		B12A847E2AA6EFEA00BDF8CA /* BinGongGan_SellerTests */ = {
			isa = PBXGroup;
			children = (
				B12A847F2AA6EFEA00BDF8CA /* BinGongGan_SellerTests.swift */,
			);
			path = BinGongGan_SellerTests;
			sourceTree = "<group>";
		};
		B12A84882AA6EFEA00BDF8CA /* BinGongGan_SellerUITests */ = {
			isa = PBXGroup;
			children = (
				B12A84892AA6EFEA00BDF8CA /* BinGongGan_SellerUITests.swift */,
				B12A848B2AA6EFEA00BDF8CA /* BinGongGan_SellerUITestsLaunchTests.swift */,
			);
			path = BinGongGan_SellerUITests;
			sourceTree = "<group>";
		};
		B12A84E62AA6F09900BDF8CA /* Frameworks */ = {
			isa = PBXGroup;
			children = (
			);
			name = Frameworks;
			sourceTree = "<group>";
		};
		B12A85002AA7A8CA00BDF8CA /* App */ = {
			isa = PBXGroup;
			children = (
				B12A846E2AA6EFE700BDF8CA /* BinGongGan_SellerApp.swift */,
			);
			name = App;
			sourceTree = "<group>";
		};
/* End PBXGroup section */

/* Begin PBXNativeTarget section */
		B12A846A2AA6EFE700BDF8CA /* BinGongGan_Seller */ = {
			isa = PBXNativeTarget;
			buildConfigurationList = B12A848F2AA6EFEA00BDF8CA /* Build configuration list for PBXNativeTarget "BinGongGan_Seller" */;
			buildPhases = (
				B12A84672AA6EFE700BDF8CA /* Sources */,
				B12A84682AA6EFE700BDF8CA /* Frameworks */,
				B12A84692AA6EFE700BDF8CA /* Resources */,
			);
			buildRules = (
			);
			dependencies = (
			);
			name = BinGongGan_Seller;
			packageProductDependencies = (
				B12A84D62AA6F06900BDF8CA /* FirebaseAuth */,
				B12A84D82AA6F06900BDF8CA /* FirebaseFirestore */,
				B12A84DA2AA6F06900BDF8CA /* FirebaseFirestoreSwift */,
				B12A84FD2AA7A66000BDF8CA /* BinGongGanCore */,
			);
			productName = BinGongGan_Seller;
			productReference = B12A846B2AA6EFE700BDF8CA /* BinGongGan_Seller.app */;
			productType = "com.apple.product-type.application";
		};
		B12A847A2AA6EFEA00BDF8CA /* BinGongGan_SellerTests */ = {
			isa = PBXNativeTarget;
			buildConfigurationList = B12A84922AA6EFEA00BDF8CA /* Build configuration list for PBXNativeTarget "BinGongGan_SellerTests" */;
			buildPhases = (
				B12A84772AA6EFEA00BDF8CA /* Sources */,
				B12A84782AA6EFEA00BDF8CA /* Frameworks */,
				B12A84792AA6EFEA00BDF8CA /* Resources */,
			);
			buildRules = (
			);
			dependencies = (
				B12A847D2AA6EFEA00BDF8CA /* PBXTargetDependency */,
			);
			name = BinGongGan_SellerTests;
			productName = BinGongGan_SellerTests;
			productReference = B12A847B2AA6EFEA00BDF8CA /* BinGongGan_SellerTests.xctest */;
			productType = "com.apple.product-type.bundle.unit-test";
		};
		B12A84842AA6EFEA00BDF8CA /* BinGongGan_SellerUITests */ = {
			isa = PBXNativeTarget;
			buildConfigurationList = B12A84952AA6EFEA00BDF8CA /* Build configuration list for PBXNativeTarget "BinGongGan_SellerUITests" */;
			buildPhases = (
				B12A84812AA6EFEA00BDF8CA /* Sources */,
				B12A84822AA6EFEA00BDF8CA /* Frameworks */,
				B12A84832AA6EFEA00BDF8CA /* Resources */,
			);
			buildRules = (
			);
			dependencies = (
				B12A84872AA6EFEA00BDF8CA /* PBXTargetDependency */,
			);
			name = BinGongGan_SellerUITests;
			productName = BinGongGan_SellerUITests;
			productReference = B12A84852AA6EFEA00BDF8CA /* BinGongGan_SellerUITests.xctest */;
			productType = "com.apple.product-type.bundle.ui-testing";
		};
/* End PBXNativeTarget section */

/* Begin PBXProject section */
		B12A84632AA6EFE700BDF8CA /* Project object */ = {
			isa = PBXProject;
			attributes = {
				BuildIndependentTargetsInParallel = 1;
				LastSwiftUpdateCheck = 1430;
				LastUpgradeCheck = 1430;
				TargetAttributes = {
					B12A846A2AA6EFE700BDF8CA = {
						CreatedOnToolsVersion = 14.3.1;
					};
					B12A847A2AA6EFEA00BDF8CA = {
						CreatedOnToolsVersion = 14.3.1;
						TestTargetID = B12A846A2AA6EFE700BDF8CA;
					};
					B12A84842AA6EFEA00BDF8CA = {
						CreatedOnToolsVersion = 14.3.1;
						TestTargetID = B12A846A2AA6EFE700BDF8CA;
					};
				};
			};
			buildConfigurationList = B12A84662AA6EFE700BDF8CA /* Build configuration list for PBXProject "BinGongGan_Seller" */;
			compatibilityVersion = "Xcode 14.0";
			developmentRegion = en;
			hasScannedForEncodings = 0;
			knownRegions = (
				en,
				Base,
			);
			mainGroup = B12A84622AA6EFE700BDF8CA;
			packageReferences = (
				B12A84D52AA6F06900BDF8CA /* XCRemoteSwiftPackageReference "firebase-ios-sdk" */,
			);
			productRefGroup = B12A846C2AA6EFE700BDF8CA /* Products */;
			projectDirPath = "";
			projectRoot = "";
			targets = (
				B12A846A2AA6EFE700BDF8CA /* BinGongGan_Seller */,
				B12A847A2AA6EFEA00BDF8CA /* BinGongGan_SellerTests */,
				B12A84842AA6EFEA00BDF8CA /* BinGongGan_SellerUITests */,
			);
		};
/* End PBXProject section */

/* Begin PBXResourcesBuildPhase section */
		B12A84692AA6EFE700BDF8CA /* Resources */ = {
			isa = PBXResourcesBuildPhase;
			buildActionMask = 2147483647;
			files = (
				B12A84762AA6EFE900BDF8CA /* Preview Assets.xcassets in Resources */,
				B12A84732AA6EFE900BDF8CA /* Assets.xcassets in Resources */,
			);
			runOnlyForDeploymentPostprocessing = 0;
		};
		B12A84792AA6EFEA00BDF8CA /* Resources */ = {
			isa = PBXResourcesBuildPhase;
			buildActionMask = 2147483647;
			files = (
			);
			runOnlyForDeploymentPostprocessing = 0;
		};
		B12A84832AA6EFEA00BDF8CA /* Resources */ = {
			isa = PBXResourcesBuildPhase;
			buildActionMask = 2147483647;
			files = (
			);
			runOnlyForDeploymentPostprocessing = 0;
		};
/* End PBXResourcesBuildPhase section */

/* Begin PBXSourcesBuildPhase section */
		B12A84672AA6EFE700BDF8CA /* Sources */ = {
			isa = PBXSourcesBuildPhase;
			buildActionMask = 2147483647;
			files = (
				6A3B444A2AA830F4008CC944 /* ReservationDetailsCalendarView.swift in Sources */,
				2FAB806B2AA807140091D8CC /* PhotoSelectedView.swift in Sources */,
				2FAB805D2AA7FFC10091D8CC /* MyInfoVIew.swift in Sources */,
				6A3B44462AA830D4008CC944 /* ReservationDetailsListView.swift in Sources */,
				6A3B44422AA83099008CC944 /* ReservationDetailsView.swift in Sources */,
				2FAB806C2AA807140091D8CC /* PlaceMapView.swift in Sources */,
				6A3B44402AA83081008CC944 /* RervationDetailsStore.swift in Sources */,
				545AA9C02AA8380000A281D0 /* PlaceModel.swift in Sources */,
				2FAB80542AA7FF6D0091D8CC /* ReviewManageDetailView.swift in Sources */,
				2FAB80512AA7FF6D0091D8CC /* ReservationCell.swift in Sources */,
				4BC0BD722AA860AC00B792B8 /* AnnouncementTextRow.swift in Sources */,
				6A3B443C2AA83058008CC944 /* ReservationTapType.swift in Sources */,
				2FAB806A2AA807140091D8CC /* PlaceAddView.swift in Sources */,
				2F36A56B2AA81EEC00578AEB /* ReviewWithCommentCell.swift in Sources */,
				4B7420382AA80A5800818257 /* ReservationListModalView.swift in Sources */,
				2FAB806D2AA807140091D8CC /* PlaceInfomationButtonView.swift in Sources */,
				4BC0BD742AA860B900B792B8 /* AnnouncementDetailView.swift in Sources */,
				4B7420402AA80AF500818257 /* CategoryButton.swift in Sources */,
				2FAB80532AA7FF6D0091D8CC /* ReviewCell.swift in Sources */,
				4B74203D2AA80ACC00818257 /* AnnouncementView.swift in Sources */,
				2F36A56D2AA83E2100578AEB /* ReviewReportSheet.swift in Sources */,
				4B7420422AA80B1B00818257 /* CategoryButtonsView.swift in Sources */,
				4B7420462AA80BA400818257 /* CategoryModel.swift in Sources */,
				6A3B44442AA830C3008CC944 /* ReservationTapBarView.swift in Sources */,
				B12A846F2AA6EFE700BDF8CA /* BinGongGan_SellerApp.swift in Sources */,
				2FAB80522AA7FF6D0091D8CC /* ReviewManageView.swift in Sources */,
				6A3B444C2AA83119008CC944 /* ReservationConfirmedCell.swift in Sources */,
				2F36A5722AA83E9200578AEB /* ReportCase.swift in Sources */,
				2FAB80632AA8029A0091D8CC /* SellerInformationCell.swift in Sources */,
				4B74203B2AA80AAF00818257 /* HomeView.swift in Sources */,
				6A3B443E2AA83067008CC944 /* DatePickerContent.swift in Sources */,
				545AA9C22AA83A8A00A281D0 /* PlaceInfomationModel.swift in Sources */,
				2FAB80612AA802040091D8CC /* MySpaceCell.swift in Sources */,
				6A3B44482AA830E2008CC944 /* ReservationDetailsPickerView.swift in Sources */,
				2FAB805C2AA7FFC10091D8CC /* MyPlaceManagementView.swift in Sources */,
			);
			runOnlyForDeploymentPostprocessing = 0;
		};
		B12A84772AA6EFEA00BDF8CA /* Sources */ = {
			isa = PBXSourcesBuildPhase;
			buildActionMask = 2147483647;
			files = (
				B12A84802AA6EFEA00BDF8CA /* BinGongGan_SellerTests.swift in Sources */,
			);
			runOnlyForDeploymentPostprocessing = 0;
		};
		B12A84812AA6EFEA00BDF8CA /* Sources */ = {
			isa = PBXSourcesBuildPhase;
			buildActionMask = 2147483647;
			files = (
				B12A848A2AA6EFEA00BDF8CA /* BinGongGan_SellerUITests.swift in Sources */,
				B12A848C2AA6EFEA00BDF8CA /* BinGongGan_SellerUITestsLaunchTests.swift in Sources */,
			);
			runOnlyForDeploymentPostprocessing = 0;
		};
/* End PBXSourcesBuildPhase section */

/* Begin PBXTargetDependency section */
		B12A847D2AA6EFEA00BDF8CA /* PBXTargetDependency */ = {
			isa = PBXTargetDependency;
			target = B12A846A2AA6EFE700BDF8CA /* BinGongGan_Seller */;
			targetProxy = B12A847C2AA6EFEA00BDF8CA /* PBXContainerItemProxy */;
		};
		B12A84872AA6EFEA00BDF8CA /* PBXTargetDependency */ = {
			isa = PBXTargetDependency;
			target = B12A846A2AA6EFE700BDF8CA /* BinGongGan_Seller */;
			targetProxy = B12A84862AA6EFEA00BDF8CA /* PBXContainerItemProxy */;
		};
/* End PBXTargetDependency section */

/* Begin XCBuildConfiguration section */
		B12A848D2AA6EFEA00BDF8CA /* Debug */ = {
			isa = XCBuildConfiguration;
			buildSettings = {
				ALWAYS_SEARCH_USER_PATHS = NO;
				CLANG_ANALYZER_NONNULL = YES;
				CLANG_ANALYZER_NUMBER_OBJECT_CONVERSION = YES_AGGRESSIVE;
				CLANG_CXX_LANGUAGE_STANDARD = "gnu++20";
				CLANG_ENABLE_MODULES = YES;
				CLANG_ENABLE_OBJC_ARC = YES;
				CLANG_ENABLE_OBJC_WEAK = YES;
				CLANG_WARN_BLOCK_CAPTURE_AUTORELEASING = YES;
				CLANG_WARN_BOOL_CONVERSION = YES;
				CLANG_WARN_COMMA = YES;
				CLANG_WARN_CONSTANT_CONVERSION = YES;
				CLANG_WARN_DEPRECATED_OBJC_IMPLEMENTATIONS = YES;
				CLANG_WARN_DIRECT_OBJC_ISA_USAGE = YES_ERROR;
				CLANG_WARN_DOCUMENTATION_COMMENTS = YES;
				CLANG_WARN_EMPTY_BODY = YES;
				CLANG_WARN_ENUM_CONVERSION = YES;
				CLANG_WARN_INFINITE_RECURSION = YES;
				CLANG_WARN_INT_CONVERSION = YES;
				CLANG_WARN_NON_LITERAL_NULL_CONVERSION = YES;
				CLANG_WARN_OBJC_IMPLICIT_RETAIN_SELF = YES;
				CLANG_WARN_OBJC_LITERAL_CONVERSION = YES;
				CLANG_WARN_OBJC_ROOT_CLASS = YES_ERROR;
				CLANG_WARN_QUOTED_INCLUDE_IN_FRAMEWORK_HEADER = YES;
				CLANG_WARN_RANGE_LOOP_ANALYSIS = YES;
				CLANG_WARN_STRICT_PROTOTYPES = YES;
				CLANG_WARN_SUSPICIOUS_MOVE = YES;
				CLANG_WARN_UNGUARDED_AVAILABILITY = YES_AGGRESSIVE;
				CLANG_WARN_UNREACHABLE_CODE = YES;
				CLANG_WARN__DUPLICATE_METHOD_MATCH = YES;
				COPY_PHASE_STRIP = NO;
				DEBUG_INFORMATION_FORMAT = dwarf;
				ENABLE_STRICT_OBJC_MSGSEND = YES;
				ENABLE_TESTABILITY = YES;
				GCC_C_LANGUAGE_STANDARD = gnu11;
				GCC_DYNAMIC_NO_PIC = NO;
				GCC_NO_COMMON_BLOCKS = YES;
				GCC_OPTIMIZATION_LEVEL = 0;
				GCC_PREPROCESSOR_DEFINITIONS = (
					"DEBUG=1",
					"$(inherited)",
				);
				GCC_WARN_64_TO_32_BIT_CONVERSION = YES;
				GCC_WARN_ABOUT_RETURN_TYPE = YES_ERROR;
				GCC_WARN_UNDECLARED_SELECTOR = YES;
				GCC_WARN_UNINITIALIZED_AUTOS = YES_AGGRESSIVE;
				GCC_WARN_UNUSED_FUNCTION = YES;
				GCC_WARN_UNUSED_VARIABLE = YES;
				IPHONEOS_DEPLOYMENT_TARGET = 16.4;
				MTL_ENABLE_DEBUG_INFO = INCLUDE_SOURCE;
				MTL_FAST_MATH = YES;
				ONLY_ACTIVE_ARCH = YES;
				SDKROOT = iphoneos;
				SWIFT_ACTIVE_COMPILATION_CONDITIONS = DEBUG;
				SWIFT_OPTIMIZATION_LEVEL = "-Onone";
			};
			name = Debug;
		};
		B12A848E2AA6EFEA00BDF8CA /* Release */ = {
			isa = XCBuildConfiguration;
			buildSettings = {
				ALWAYS_SEARCH_USER_PATHS = NO;
				CLANG_ANALYZER_NONNULL = YES;
				CLANG_ANALYZER_NUMBER_OBJECT_CONVERSION = YES_AGGRESSIVE;
				CLANG_CXX_LANGUAGE_STANDARD = "gnu++20";
				CLANG_ENABLE_MODULES = YES;
				CLANG_ENABLE_OBJC_ARC = YES;
				CLANG_ENABLE_OBJC_WEAK = YES;
				CLANG_WARN_BLOCK_CAPTURE_AUTORELEASING = YES;
				CLANG_WARN_BOOL_CONVERSION = YES;
				CLANG_WARN_COMMA = YES;
				CLANG_WARN_CONSTANT_CONVERSION = YES;
				CLANG_WARN_DEPRECATED_OBJC_IMPLEMENTATIONS = YES;
				CLANG_WARN_DIRECT_OBJC_ISA_USAGE = YES_ERROR;
				CLANG_WARN_DOCUMENTATION_COMMENTS = YES;
				CLANG_WARN_EMPTY_BODY = YES;
				CLANG_WARN_ENUM_CONVERSION = YES;
				CLANG_WARN_INFINITE_RECURSION = YES;
				CLANG_WARN_INT_CONVERSION = YES;
				CLANG_WARN_NON_LITERAL_NULL_CONVERSION = YES;
				CLANG_WARN_OBJC_IMPLICIT_RETAIN_SELF = YES;
				CLANG_WARN_OBJC_LITERAL_CONVERSION = YES;
				CLANG_WARN_OBJC_ROOT_CLASS = YES_ERROR;
				CLANG_WARN_QUOTED_INCLUDE_IN_FRAMEWORK_HEADER = YES;
				CLANG_WARN_RANGE_LOOP_ANALYSIS = YES;
				CLANG_WARN_STRICT_PROTOTYPES = YES;
				CLANG_WARN_SUSPICIOUS_MOVE = YES;
				CLANG_WARN_UNGUARDED_AVAILABILITY = YES_AGGRESSIVE;
				CLANG_WARN_UNREACHABLE_CODE = YES;
				CLANG_WARN__DUPLICATE_METHOD_MATCH = YES;
				COPY_PHASE_STRIP = NO;
				DEBUG_INFORMATION_FORMAT = "dwarf-with-dsym";
				ENABLE_NS_ASSERTIONS = NO;
				ENABLE_STRICT_OBJC_MSGSEND = YES;
				GCC_C_LANGUAGE_STANDARD = gnu11;
				GCC_NO_COMMON_BLOCKS = YES;
				GCC_WARN_64_TO_32_BIT_CONVERSION = YES;
				GCC_WARN_ABOUT_RETURN_TYPE = YES_ERROR;
				GCC_WARN_UNDECLARED_SELECTOR = YES;
				GCC_WARN_UNINITIALIZED_AUTOS = YES_AGGRESSIVE;
				GCC_WARN_UNUSED_FUNCTION = YES;
				GCC_WARN_UNUSED_VARIABLE = YES;
				IPHONEOS_DEPLOYMENT_TARGET = 16.4;
				MTL_ENABLE_DEBUG_INFO = NO;
				MTL_FAST_MATH = YES;
				SDKROOT = iphoneos;
				SWIFT_COMPILATION_MODE = wholemodule;
				SWIFT_OPTIMIZATION_LEVEL = "-O";
				VALIDATE_PRODUCT = YES;
			};
			name = Release;
		};
		B12A84902AA6EFEA00BDF8CA /* Debug */ = {
			isa = XCBuildConfiguration;
			buildSettings = {
				ASSETCATALOG_COMPILER_APPICON_NAME = AppIcon;
				ASSETCATALOG_COMPILER_GLOBAL_ACCENT_COLOR_NAME = AccentColor;
				CODE_SIGN_STYLE = Automatic;
				CURRENT_PROJECT_VERSION = 1;
				DEVELOPMENT_ASSET_PATHS = "\"BinGongGan_Seller/Preview Content\"";
				ENABLE_PREVIEWS = YES;
				GENERATE_INFOPLIST_FILE = YES;
				INFOPLIST_KEY_CFBundleDisplayName = "빈공간_판매자";
				INFOPLIST_KEY_UIApplicationSceneManifest_Generation = YES;
				INFOPLIST_KEY_UIApplicationSupportsIndirectInputEvents = YES;
				INFOPLIST_KEY_UILaunchScreen_Generation = YES;
				INFOPLIST_KEY_UISupportedInterfaceOrientations_iPad = "UIInterfaceOrientationPortrait UIInterfaceOrientationPortraitUpsideDown UIInterfaceOrientationLandscapeLeft UIInterfaceOrientationLandscapeRight";
				INFOPLIST_KEY_UISupportedInterfaceOrientations_iPhone = "UIInterfaceOrientationPortrait UIInterfaceOrientationLandscapeLeft UIInterfaceOrientationLandscapeRight";
				LD_RUNPATH_SEARCH_PATHS = (
					"$(inherited)",
					"@executable_path/Frameworks",
				);
				MARKETING_VERSION = 1.0;
				PRODUCT_BUNDLE_IDENTIFIER = "com.ZD.BinGongGan-Seller";
				PRODUCT_NAME = "$(TARGET_NAME)";
				SWIFT_EMIT_LOC_STRINGS = YES;
				SWIFT_VERSION = 5.0;
				TARGETED_DEVICE_FAMILY = "1,2";
			};
			name = Debug;
		};
		B12A84912AA6EFEA00BDF8CA /* Release */ = {
			isa = XCBuildConfiguration;
			buildSettings = {
				ASSETCATALOG_COMPILER_APPICON_NAME = AppIcon;
				ASSETCATALOG_COMPILER_GLOBAL_ACCENT_COLOR_NAME = AccentColor;
				CODE_SIGN_STYLE = Automatic;
				CURRENT_PROJECT_VERSION = 1;
				DEVELOPMENT_ASSET_PATHS = "\"BinGongGan_Seller/Preview Content\"";
				ENABLE_PREVIEWS = YES;
				GENERATE_INFOPLIST_FILE = YES;
				INFOPLIST_KEY_CFBundleDisplayName = "빈공간_판매자";
				INFOPLIST_KEY_UIApplicationSceneManifest_Generation = YES;
				INFOPLIST_KEY_UIApplicationSupportsIndirectInputEvents = YES;
				INFOPLIST_KEY_UILaunchScreen_Generation = YES;
				INFOPLIST_KEY_UISupportedInterfaceOrientations_iPad = "UIInterfaceOrientationPortrait UIInterfaceOrientationPortraitUpsideDown UIInterfaceOrientationLandscapeLeft UIInterfaceOrientationLandscapeRight";
				INFOPLIST_KEY_UISupportedInterfaceOrientations_iPhone = "UIInterfaceOrientationPortrait UIInterfaceOrientationLandscapeLeft UIInterfaceOrientationLandscapeRight";
				LD_RUNPATH_SEARCH_PATHS = (
					"$(inherited)",
					"@executable_path/Frameworks",
				);
				MARKETING_VERSION = 1.0;
				PRODUCT_BUNDLE_IDENTIFIER = "com.ZD.BinGongGan-Seller";
				PRODUCT_NAME = "$(TARGET_NAME)";
				SWIFT_EMIT_LOC_STRINGS = YES;
				SWIFT_VERSION = 5.0;
				TARGETED_DEVICE_FAMILY = "1,2";
			};
			name = Release;
		};
		B12A84932AA6EFEA00BDF8CA /* Debug */ = {
			isa = XCBuildConfiguration;
			buildSettings = {
				ALWAYS_EMBED_SWIFT_STANDARD_LIBRARIES = YES;
				BUNDLE_LOADER = "$(TEST_HOST)";
				CODE_SIGN_STYLE = Automatic;
				CURRENT_PROJECT_VERSION = 1;
				GENERATE_INFOPLIST_FILE = YES;
				IPHONEOS_DEPLOYMENT_TARGET = 16.4;
				MARKETING_VERSION = 1.0;
				PRODUCT_BUNDLE_IDENTIFIER = "com.ZD.BinGongGan-SellerTests";
				PRODUCT_NAME = "$(TARGET_NAME)";
				SWIFT_EMIT_LOC_STRINGS = NO;
				SWIFT_VERSION = 5.0;
				TARGETED_DEVICE_FAMILY = "1,2";
				TEST_HOST = "$(BUILT_PRODUCTS_DIR)/BinGongGan_Seller.app/$(BUNDLE_EXECUTABLE_FOLDER_PATH)/BinGongGan_Seller";
			};
			name = Debug;
		};
		B12A84942AA6EFEA00BDF8CA /* Release */ = {
			isa = XCBuildConfiguration;
			buildSettings = {
				ALWAYS_EMBED_SWIFT_STANDARD_LIBRARIES = YES;
				BUNDLE_LOADER = "$(TEST_HOST)";
				CODE_SIGN_STYLE = Automatic;
				CURRENT_PROJECT_VERSION = 1;
				GENERATE_INFOPLIST_FILE = YES;
				IPHONEOS_DEPLOYMENT_TARGET = 16.4;
				MARKETING_VERSION = 1.0;
				PRODUCT_BUNDLE_IDENTIFIER = "com.ZD.BinGongGan-SellerTests";
				PRODUCT_NAME = "$(TARGET_NAME)";
				SWIFT_EMIT_LOC_STRINGS = NO;
				SWIFT_VERSION = 5.0;
				TARGETED_DEVICE_FAMILY = "1,2";
				TEST_HOST = "$(BUILT_PRODUCTS_DIR)/BinGongGan_Seller.app/$(BUNDLE_EXECUTABLE_FOLDER_PATH)/BinGongGan_Seller";
			};
			name = Release;
		};
		B12A84962AA6EFEA00BDF8CA /* Debug */ = {
			isa = XCBuildConfiguration;
			buildSettings = {
				ALWAYS_EMBED_SWIFT_STANDARD_LIBRARIES = YES;
				CODE_SIGN_STYLE = Automatic;
				CURRENT_PROJECT_VERSION = 1;
				GENERATE_INFOPLIST_FILE = YES;
				MARKETING_VERSION = 1.0;
				PRODUCT_BUNDLE_IDENTIFIER = "com.ZD.BinGongGan-SellerUITests";
				PRODUCT_NAME = "$(TARGET_NAME)";
				SWIFT_EMIT_LOC_STRINGS = NO;
				SWIFT_VERSION = 5.0;
				TARGETED_DEVICE_FAMILY = "1,2";
				TEST_TARGET_NAME = BinGongGan_Seller;
			};
			name = Debug;
		};
		B12A84972AA6EFEA00BDF8CA /* Release */ = {
			isa = XCBuildConfiguration;
			buildSettings = {
				ALWAYS_EMBED_SWIFT_STANDARD_LIBRARIES = YES;
				CODE_SIGN_STYLE = Automatic;
				CURRENT_PROJECT_VERSION = 1;
				GENERATE_INFOPLIST_FILE = YES;
				MARKETING_VERSION = 1.0;
				PRODUCT_BUNDLE_IDENTIFIER = "com.ZD.BinGongGan-SellerUITests";
				PRODUCT_NAME = "$(TARGET_NAME)";
				SWIFT_EMIT_LOC_STRINGS = NO;
				SWIFT_VERSION = 5.0;
				TARGETED_DEVICE_FAMILY = "1,2";
				TEST_TARGET_NAME = BinGongGan_Seller;
			};
			name = Release;
		};
/* End XCBuildConfiguration section */

/* Begin XCConfigurationList section */
		B12A84662AA6EFE700BDF8CA /* Build configuration list for PBXProject "BinGongGan_Seller" */ = {
			isa = XCConfigurationList;
			buildConfigurations = (
				B12A848D2AA6EFEA00BDF8CA /* Debug */,
				B12A848E2AA6EFEA00BDF8CA /* Release */,
			);
			defaultConfigurationIsVisible = 0;
			defaultConfigurationName = Release;
		};
		B12A848F2AA6EFEA00BDF8CA /* Build configuration list for PBXNativeTarget "BinGongGan_Seller" */ = {
			isa = XCConfigurationList;
			buildConfigurations = (
				B12A84902AA6EFEA00BDF8CA /* Debug */,
				B12A84912AA6EFEA00BDF8CA /* Release */,
			);
			defaultConfigurationIsVisible = 0;
			defaultConfigurationName = Release;
		};
		B12A84922AA6EFEA00BDF8CA /* Build configuration list for PBXNativeTarget "BinGongGan_SellerTests" */ = {
			isa = XCConfigurationList;
			buildConfigurations = (
				B12A84932AA6EFEA00BDF8CA /* Debug */,
				B12A84942AA6EFEA00BDF8CA /* Release */,
			);
			defaultConfigurationIsVisible = 0;
			defaultConfigurationName = Release;
		};
		B12A84952AA6EFEA00BDF8CA /* Build configuration list for PBXNativeTarget "BinGongGan_SellerUITests" */ = {
			isa = XCConfigurationList;
			buildConfigurations = (
				B12A84962AA6EFEA00BDF8CA /* Debug */,
				B12A84972AA6EFEA00BDF8CA /* Release */,
			);
			defaultConfigurationIsVisible = 0;
			defaultConfigurationName = Release;
		};
/* End XCConfigurationList section */

/* Begin XCRemoteSwiftPackageReference section */
		B12A84D52AA6F06900BDF8CA /* XCRemoteSwiftPackageReference "firebase-ios-sdk" */ = {
			isa = XCRemoteSwiftPackageReference;
			repositoryURL = "https://github.com/firebase/firebase-ios-sdk.git";
			requirement = {
				kind = upToNextMajorVersion;
				minimumVersion = 10.0.0;
			};
		};
/* End XCRemoteSwiftPackageReference section */

/* Begin XCSwiftPackageProductDependency section */
		B12A84D62AA6F06900BDF8CA /* FirebaseAuth */ = {
			isa = XCSwiftPackageProductDependency;
			package = B12A84D52AA6F06900BDF8CA /* XCRemoteSwiftPackageReference "firebase-ios-sdk" */;
			productName = FirebaseAuth;
		};
		B12A84D82AA6F06900BDF8CA /* FirebaseFirestore */ = {
			isa = XCSwiftPackageProductDependency;
			package = B12A84D52AA6F06900BDF8CA /* XCRemoteSwiftPackageReference "firebase-ios-sdk" */;
			productName = FirebaseFirestore;
		};
		B12A84DA2AA6F06900BDF8CA /* FirebaseFirestoreSwift */ = {
			isa = XCSwiftPackageProductDependency;
			package = B12A84D52AA6F06900BDF8CA /* XCRemoteSwiftPackageReference "firebase-ios-sdk" */;
			productName = FirebaseFirestoreSwift;
		};
		B12A84FD2AA7A66000BDF8CA /* BinGongGanCore */ = {
			isa = XCSwiftPackageProductDependency;
			productName = BinGongGanCore;
		};
/* End XCSwiftPackageProductDependency section */
	};
	rootObject = B12A84632AA6EFE700BDF8CA /* Project object */;
}
