// !$*UTF8*$!
{
	archiveVersion = 1;
	classes = {
	};
	objectVersion = 56;
	objects = {

/* Begin PBXBuildFile section */
		3AE911652AA7FDCC005E4F71 /* CustomTextField.swift in Sources */ = {isa = PBXBuildFile; fileRef = 3AE911642AA7FDCC005E4F71 /* CustomTextField.swift */; };
		538D7ADB2AA802CB00D0B21A /* MyPageMainView.swift in Sources */ = {isa = PBXBuildFile; fileRef = 538D7AC92AA802CB00D0B21A /* MyPageMainView.swift */; };
		538D7ADC2AA802CB00D0B21A /* AnnouncementView.swift in Sources */ = {isa = PBXBuildFile; fileRef = 538D7ACB2AA802CB00D0B21A /* AnnouncementView.swift */; };
		538D7ADD2AA802CB00D0B21A /* FAQView.swift in Sources */ = {isa = PBXBuildFile; fileRef = 538D7ACC2AA802CB00D0B21A /* FAQView.swift */; };
		538D7ADE2AA802CB00D0B21A /* MyReservationListView.swift in Sources */ = {isa = PBXBuildFile; fileRef = 538D7ACE2AA802CB00D0B21A /* MyReservationListView.swift */; };
		538D7ADF2AA802CB00D0B21A /* ReservationCancelView.swift in Sources */ = {isa = PBXBuildFile; fileRef = 538D7ACF2AA802CB00D0B21A /* ReservationCancelView.swift */; };
		538D7AE02AA802CB00D0B21A /* ReservationDetailView.swift in Sources */ = {isa = PBXBuildFile; fileRef = 538D7AD02AA802CB00D0B21A /* ReservationDetailView.swift */; };
		538D7AE12AA802CB00D0B21A /* MyReviewListView.swift in Sources */ = {isa = PBXBuildFile; fileRef = 538D7AD22AA802CB00D0B21A /* MyReviewListView.swift */; };
		538D7AE22AA802CB00D0B21A /* AddReviewView.swift in Sources */ = {isa = PBXBuildFile; fileRef = 538D7AD32AA802CB00D0B21A /* AddReviewView.swift */; };
		538D7AE32AA802CB00D0B21A /* MyReviewRowView.swift in Sources */ = {isa = PBXBuildFile; fileRef = 538D7AD42AA802CB00D0B21A /* MyReviewRowView.swift */; };
		538D7AE42AA802CB00D0B21A /* SettingListView.swift in Sources */ = {isa = PBXBuildFile; fileRef = 538D7AD62AA802CB00D0B21A /* SettingListView.swift */; };
		538D7AE52AA802CB00D0B21A /* PasswordEditView.swift in Sources */ = {isa = PBXBuildFile; fileRef = 538D7AD72AA802CB00D0B21A /* PasswordEditView.swift */; };
		538D7AE62AA802CB00D0B21A /* MyInformationDetailView.swift in Sources */ = {isa = PBXBuildFile; fileRef = 538D7AD92AA802CB00D0B21A /* MyInformationDetailView.swift */; };
		538D7AE72AA802CB00D0B21A /* MyInformationEditView.swift in Sources */ = {isa = PBXBuildFile; fileRef = 538D7ADA2AA802CB00D0B21A /* MyInformationEditView.swift */; };
		538D7AE92AA81F0D00D0B21A /* EnquiryView.swift in Sources */ = {isa = PBXBuildFile; fileRef = 538D7AE82AA81F0D00D0B21A /* EnquiryView.swift */; };
		538D7AEB2AA83DF100D0B21A /* AppInformationList.swift in Sources */ = {isa = PBXBuildFile; fileRef = 538D7AEA2AA83DF100D0B21A /* AppInformationList.swift */; };
		B12A84A52AA6F00D00BDF8CA /* BinGongGan_UserApp.swift in Sources */ = {isa = PBXBuildFile; fileRef = B12A84A42AA6F00D00BDF8CA /* BinGongGan_UserApp.swift */; };
		B12A84A92AA6F01000BDF8CA /* Assets.xcassets in Resources */ = {isa = PBXBuildFile; fileRef = B12A84A82AA6F01000BDF8CA /* Assets.xcassets */; };
		B12A84AC2AA6F01000BDF8CA /* Preview Assets.xcassets in Resources */ = {isa = PBXBuildFile; fileRef = B12A84AB2AA6F01000BDF8CA /* Preview Assets.xcassets */; };
		B12A84B62AA6F01100BDF8CA /* BinGongGan_UserTests.swift in Sources */ = {isa = PBXBuildFile; fileRef = B12A84B52AA6F01100BDF8CA /* BinGongGan_UserTests.swift */; };
		B12A84C02AA6F01100BDF8CA /* BinGongGan_UserUITests.swift in Sources */ = {isa = PBXBuildFile; fileRef = B12A84BF2AA6F01100BDF8CA /* BinGongGan_UserUITests.swift */; };
		B12A84C22AA6F01100BDF8CA /* BinGongGan_UserUITestsLaunchTests.swift in Sources */ = {isa = PBXBuildFile; fileRef = B12A84C12AA6F01100BDF8CA /* BinGongGan_UserUITestsLaunchTests.swift */; };
		B12A84D02AA6F04400BDF8CA /* FirebaseAuth in Frameworks */ = {isa = PBXBuildFile; productRef = B12A84CF2AA6F04400BDF8CA /* FirebaseAuth */; };
		B12A84D22AA6F04400BDF8CA /* FirebaseFirestore in Frameworks */ = {isa = PBXBuildFile; productRef = B12A84D12AA6F04400BDF8CA /* FirebaseFirestore */; };
		B12A84D42AA6F04400BDF8CA /* FirebaseFirestoreSwift in Frameworks */ = {isa = PBXBuildFile; productRef = B12A84D32AA6F04400BDF8CA /* FirebaseFirestoreSwift */; };
		B12A84EA2AA6F0CE00BDF8CA /* GoogleService-Info.plist in Resources */ = {isa = PBXBuildFile; fileRef = B12A84E92AA6F0CE00BDF8CA /* GoogleService-Info.plist */; };
		B12A84EB2AA6F0CE00BDF8CA /* GoogleService-Info.plist in Resources */ = {isa = PBXBuildFile; fileRef = B12A84E92AA6F0CE00BDF8CA /* GoogleService-Info.plist */; };
		B12A84EC2AA6F0CE00BDF8CA /* GoogleService-Info.plist in Resources */ = {isa = PBXBuildFile; fileRef = B12A84E92AA6F0CE00BDF8CA /* GoogleService-Info.plist */; };
		B12A84FC2AA7A65900BDF8CA /* BinGongGanCore in Frameworks */ = {isa = PBXBuildFile; productRef = B12A84FB2AA7A65900BDF8CA /* BinGongGanCore */; };
		BC344EC02AA806FF00F8CEB3 /* GongGanTabView.swift in Sources */ = {isa = PBXBuildFile; fileRef = BC344EBF2AA806FE00F8CEB3 /* GongGanTabView.swift */; };
		BC344EC92AA8072000F8CEB3 /* GongGanInfo.swift in Sources */ = {isa = PBXBuildFile; fileRef = BC344EC52AA8072000F8CEB3 /* GongGanInfo.swift */; };
		BC344ED12AA8073700F8CEB3 /* GongGanDetailView.swift in Sources */ = {isa = PBXBuildFile; fileRef = BC344ECF2AA8073600F8CEB3 /* GongGanDetailView.swift */; };
		BC344ED22AA8073700F8CEB3 /* SubGongGanDetailView.swift in Sources */ = {isa = PBXBuildFile; fileRef = BC344ED02AA8073700F8CEB3 /* SubGongGanDetailView.swift */; };
		BC344EED2AA808DB00F8CEB3 /* ReservationView.swift in Sources */ = {isa = PBXBuildFile; fileRef = BC344EE82AA808DA00F8CEB3 /* ReservationView.swift */; };
		BC344EEE2AA808DB00F8CEB3 /* ReservationCalendarView.swift in Sources */ = {isa = PBXBuildFile; fileRef = BC344EE92AA808DA00F8CEB3 /* ReservationCalendarView.swift */; };
		BC344EEF2AA808DB00F8CEB3 /* ReservationHeaderView.swift in Sources */ = {isa = PBXBuildFile; fileRef = BC344EEA2AA808DA00F8CEB3 /* ReservationHeaderView.swift */; };
		BC344EF02AA808DB00F8CEB3 /* Reservation.swift in Sources */ = {isa = PBXBuildFile; fileRef = BC344EEB2AA808DA00F8CEB3 /* Reservation.swift */; };
		BC344EF12AA808DB00F8CEB3 /* ReservationStore.swift in Sources */ = {isa = PBXBuildFile; fileRef = BC344EEC2AA808DB00F8CEB3 /* ReservationStore.swift */; };
		BC344EF42AA808E700F8CEB3 /* MultiDatePicker.swift in Sources */ = {isa = PBXBuildFile; fileRef = BC344EF32AA808E700F8CEB3 /* MultiDatePicker.swift */; };
		BC344EFD2AA808FC00F8CEB3 /* MDPDayView.swift in Sources */ = {isa = PBXBuildFile; fileRef = BC344EF62AA808FC00F8CEB3 /* MDPDayView.swift */; };
		BC344EFE2AA808FC00F8CEB3 /* MDPDayOfMonth.swift in Sources */ = {isa = PBXBuildFile; fileRef = BC344EF72AA808FC00F8CEB3 /* MDPDayOfMonth.swift */; };
		BC344EFF2AA808FC00F8CEB3 /* MDPMonthView.swift in Sources */ = {isa = PBXBuildFile; fileRef = BC344EF82AA808FC00F8CEB3 /* MDPMonthView.swift */; };
		BC344F002AA808FC00F8CEB3 /* MDPMonthYearPickerButton.swift in Sources */ = {isa = PBXBuildFile; fileRef = BC344EF92AA808FC00F8CEB3 /* MDPMonthYearPickerButton.swift */; };
		BC344F012AA808FC00F8CEB3 /* MDPMonthYearPicker.swift in Sources */ = {isa = PBXBuildFile; fileRef = BC344EFA2AA808FC00F8CEB3 /* MDPMonthYearPicker.swift */; };
		BC344F022AA808FC00F8CEB3 /* MDPModel.swift in Sources */ = {isa = PBXBuildFile; fileRef = BC344EFB2AA808FC00F8CEB3 /* MDPModel.swift */; };
		BC344F032AA808FC00F8CEB3 /* MDPContentView.swift in Sources */ = {isa = PBXBuildFile; fileRef = BC344EFC2AA808FC00F8CEB3 /* MDPContentView.swift */; };
		BC344F092AA8092E00F8CEB3 /* PublicPlaceListView.swift in Sources */ = {isa = PBXBuildFile; fileRef = BC344F042AA8092E00F8CEB3 /* PublicPlaceListView.swift */; };
		BC344F0A2AA8092E00F8CEB3 /* HomeView.swift in Sources */ = {isa = PBXBuildFile; fileRef = BC344F052AA8092E00F8CEB3 /* HomeView.swift */; };
		BC344F0B2AA8092E00F8CEB3 /* HomeSearchView.swift in Sources */ = {isa = PBXBuildFile; fileRef = BC344F062AA8092E00F8CEB3 /* HomeSearchView.swift */; };
		BC344F0C2AA8092E00F8CEB3 /* HomeEventTapView.swift in Sources */ = {isa = PBXBuildFile; fileRef = BC344F072AA8092E00F8CEB3 /* HomeEventTapView.swift */; };
		BC344F0D2AA8092E00F8CEB3 /* PlaceListButtonView.swift in Sources */ = {isa = PBXBuildFile; fileRef = BC344F082AA8092E00F8CEB3 /* PlaceListButtonView.swift */; };
		BC344F102AA8093800F8CEB3 /* HomePlaceListRow.swift in Sources */ = {isa = PBXBuildFile; fileRef = BC344F0E2AA8093800F8CEB3 /* HomePlaceListRow.swift */; };
		BC344F112AA8093800F8CEB3 /* PublicPlaceListRow.swift in Sources */ = {isa = PBXBuildFile; fileRef = BC344F0F2AA8093800F8CEB3 /* PublicPlaceListRow.swift */; };
		BC344F152AA80BF300F8CEB3 /* HomeDummy.swift in Sources */ = {isa = PBXBuildFile; fileRef = BC344F142AA80BF300F8CEB3 /* HomeDummy.swift */; };
/* End PBXBuildFile section */

/* Begin PBXContainerItemProxy section */
		B12A84B22AA6F01100BDF8CA /* PBXContainerItemProxy */ = {
			isa = PBXContainerItemProxy;
			containerPortal = B12A84992AA6F00D00BDF8CA /* Project object */;
			proxyType = 1;
			remoteGlobalIDString = B12A84A02AA6F00D00BDF8CA;
			remoteInfo = BinGongGan_User;
		};
		B12A84BC2AA6F01100BDF8CA /* PBXContainerItemProxy */ = {
			isa = PBXContainerItemProxy;
			containerPortal = B12A84992AA6F00D00BDF8CA /* Project object */;
			proxyType = 1;
			remoteGlobalIDString = B12A84A02AA6F00D00BDF8CA;
			remoteInfo = BinGongGan_User;
		};
/* End PBXContainerItemProxy section */

/* Begin PBXFileReference section */
		3AE911642AA7FDCC005E4F71 /* CustomTextField.swift */ = {isa = PBXFileReference; fileEncoding = 4; lastKnownFileType = sourcecode.swift; path = CustomTextField.swift; sourceTree = "<group>"; };
		538D7AC92AA802CB00D0B21A /* MyPageMainView.swift */ = {isa = PBXFileReference; fileEncoding = 4; lastKnownFileType = sourcecode.swift; path = MyPageMainView.swift; sourceTree = "<group>"; };
		538D7ACB2AA802CB00D0B21A /* AnnouncementView.swift */ = {isa = PBXFileReference; fileEncoding = 4; lastKnownFileType = sourcecode.swift; path = AnnouncementView.swift; sourceTree = "<group>"; };
		538D7ACC2AA802CB00D0B21A /* FAQView.swift */ = {isa = PBXFileReference; fileEncoding = 4; lastKnownFileType = sourcecode.swift; path = FAQView.swift; sourceTree = "<group>"; };
		538D7ACE2AA802CB00D0B21A /* MyReservationListView.swift */ = {isa = PBXFileReference; fileEncoding = 4; lastKnownFileType = sourcecode.swift; path = MyReservationListView.swift; sourceTree = "<group>"; };
		538D7ACF2AA802CB00D0B21A /* ReservationCancelView.swift */ = {isa = PBXFileReference; fileEncoding = 4; lastKnownFileType = sourcecode.swift; path = ReservationCancelView.swift; sourceTree = "<group>"; };
		538D7AD02AA802CB00D0B21A /* ReservationDetailView.swift */ = {isa = PBXFileReference; fileEncoding = 4; lastKnownFileType = sourcecode.swift; path = ReservationDetailView.swift; sourceTree = "<group>"; };
		538D7AD22AA802CB00D0B21A /* MyReviewListView.swift */ = {isa = PBXFileReference; fileEncoding = 4; lastKnownFileType = sourcecode.swift; path = MyReviewListView.swift; sourceTree = "<group>"; };
		538D7AD32AA802CB00D0B21A /* AddReviewView.swift */ = {isa = PBXFileReference; fileEncoding = 4; lastKnownFileType = sourcecode.swift; path = AddReviewView.swift; sourceTree = "<group>"; };
		538D7AD42AA802CB00D0B21A /* MyReviewRowView.swift */ = {isa = PBXFileReference; fileEncoding = 4; lastKnownFileType = sourcecode.swift; path = MyReviewRowView.swift; sourceTree = "<group>"; };
		538D7AD62AA802CB00D0B21A /* SettingListView.swift */ = {isa = PBXFileReference; fileEncoding = 4; lastKnownFileType = sourcecode.swift; path = SettingListView.swift; sourceTree = "<group>"; };
		538D7AD72AA802CB00D0B21A /* PasswordEditView.swift */ = {isa = PBXFileReference; fileEncoding = 4; lastKnownFileType = sourcecode.swift; path = PasswordEditView.swift; sourceTree = "<group>"; };
		538D7AD92AA802CB00D0B21A /* MyInformationDetailView.swift */ = {isa = PBXFileReference; fileEncoding = 4; lastKnownFileType = sourcecode.swift; path = MyInformationDetailView.swift; sourceTree = "<group>"; };
		538D7ADA2AA802CB00D0B21A /* MyInformationEditView.swift */ = {isa = PBXFileReference; fileEncoding = 4; lastKnownFileType = sourcecode.swift; path = MyInformationEditView.swift; sourceTree = "<group>"; };
		538D7AE82AA81F0D00D0B21A /* EnquiryView.swift */ = {isa = PBXFileReference; lastKnownFileType = sourcecode.swift; path = EnquiryView.swift; sourceTree = "<group>"; };
		538D7AEA2AA83DF100D0B21A /* AppInformationList.swift */ = {isa = PBXFileReference; lastKnownFileType = sourcecode.swift; path = AppInformationList.swift; sourceTree = "<group>"; };
		B12A84A12AA6F00D00BDF8CA /* BinGongGan_User.app */ = {isa = PBXFileReference; explicitFileType = wrapper.application; includeInIndex = 0; path = BinGongGan_User.app; sourceTree = BUILT_PRODUCTS_DIR; };
		B12A84A42AA6F00D00BDF8CA /* BinGongGan_UserApp.swift */ = {isa = PBXFileReference; lastKnownFileType = sourcecode.swift; path = BinGongGan_UserApp.swift; sourceTree = "<group>"; };
		B12A84A82AA6F01000BDF8CA /* Assets.xcassets */ = {isa = PBXFileReference; lastKnownFileType = folder.assetcatalog; path = Assets.xcassets; sourceTree = "<group>"; };
		B12A84AB2AA6F01000BDF8CA /* Preview Assets.xcassets */ = {isa = PBXFileReference; lastKnownFileType = folder.assetcatalog; path = "Preview Assets.xcassets"; sourceTree = "<group>"; };
		B12A84B12AA6F01100BDF8CA /* BinGongGan_UserTests.xctest */ = {isa = PBXFileReference; explicitFileType = wrapper.cfbundle; includeInIndex = 0; path = BinGongGan_UserTests.xctest; sourceTree = BUILT_PRODUCTS_DIR; };
		B12A84B52AA6F01100BDF8CA /* BinGongGan_UserTests.swift */ = {isa = PBXFileReference; lastKnownFileType = sourcecode.swift; path = BinGongGan_UserTests.swift; sourceTree = "<group>"; };
		B12A84BB2AA6F01100BDF8CA /* BinGongGan_UserUITests.xctest */ = {isa = PBXFileReference; explicitFileType = wrapper.cfbundle; includeInIndex = 0; path = BinGongGan_UserUITests.xctest; sourceTree = BUILT_PRODUCTS_DIR; };
		B12A84BF2AA6F01100BDF8CA /* BinGongGan_UserUITests.swift */ = {isa = PBXFileReference; lastKnownFileType = sourcecode.swift; path = BinGongGan_UserUITests.swift; sourceTree = "<group>"; };
		B12A84C12AA6F01100BDF8CA /* BinGongGan_UserUITestsLaunchTests.swift */ = {isa = PBXFileReference; lastKnownFileType = sourcecode.swift; path = BinGongGan_UserUITestsLaunchTests.swift; sourceTree = "<group>"; };
		B12A84E92AA6F0CE00BDF8CA /* GoogleService-Info.plist */ = {isa = PBXFileReference; fileEncoding = 4; lastKnownFileType = text.plist.xml; path = "GoogleService-Info.plist"; sourceTree = "<group>"; };
		BC344EBF2AA806FE00F8CEB3 /* GongGanTabView.swift */ = {isa = PBXFileReference; fileEncoding = 4; lastKnownFileType = sourcecode.swift; path = GongGanTabView.swift; sourceTree = "<group>"; };
		BC344EC52AA8072000F8CEB3 /* GongGanInfo.swift */ = {isa = PBXFileReference; fileEncoding = 4; lastKnownFileType = sourcecode.swift; path = GongGanInfo.swift; sourceTree = "<group>"; };
		BC344ECF2AA8073600F8CEB3 /* GongGanDetailView.swift */ = {isa = PBXFileReference; fileEncoding = 4; lastKnownFileType = sourcecode.swift; path = GongGanDetailView.swift; sourceTree = "<group>"; };
		BC344ED02AA8073700F8CEB3 /* SubGongGanDetailView.swift */ = {isa = PBXFileReference; fileEncoding = 4; lastKnownFileType = sourcecode.swift; path = SubGongGanDetailView.swift; sourceTree = "<group>"; };
		BC344EE82AA808DA00F8CEB3 /* ReservationView.swift */ = {isa = PBXFileReference; fileEncoding = 4; lastKnownFileType = sourcecode.swift; path = ReservationView.swift; sourceTree = "<group>"; };
		BC344EE92AA808DA00F8CEB3 /* ReservationCalendarView.swift */ = {isa = PBXFileReference; fileEncoding = 4; lastKnownFileType = sourcecode.swift; path = ReservationCalendarView.swift; sourceTree = "<group>"; };
		BC344EEA2AA808DA00F8CEB3 /* ReservationHeaderView.swift */ = {isa = PBXFileReference; fileEncoding = 4; lastKnownFileType = sourcecode.swift; path = ReservationHeaderView.swift; sourceTree = "<group>"; };
		BC344EEB2AA808DA00F8CEB3 /* Reservation.swift */ = {isa = PBXFileReference; fileEncoding = 4; lastKnownFileType = sourcecode.swift; path = Reservation.swift; sourceTree = "<group>"; };
		BC344EEC2AA808DB00F8CEB3 /* ReservationStore.swift */ = {isa = PBXFileReference; fileEncoding = 4; lastKnownFileType = sourcecode.swift; path = ReservationStore.swift; sourceTree = "<group>"; };
		BC344EF32AA808E700F8CEB3 /* MultiDatePicker.swift */ = {isa = PBXFileReference; fileEncoding = 4; lastKnownFileType = sourcecode.swift; path = MultiDatePicker.swift; sourceTree = "<group>"; };
		BC344EF62AA808FC00F8CEB3 /* MDPDayView.swift */ = {isa = PBXFileReference; fileEncoding = 4; lastKnownFileType = sourcecode.swift; path = MDPDayView.swift; sourceTree = "<group>"; };
		BC344EF72AA808FC00F8CEB3 /* MDPDayOfMonth.swift */ = {isa = PBXFileReference; fileEncoding = 4; lastKnownFileType = sourcecode.swift; path = MDPDayOfMonth.swift; sourceTree = "<group>"; };
		BC344EF82AA808FC00F8CEB3 /* MDPMonthView.swift */ = {isa = PBXFileReference; fileEncoding = 4; lastKnownFileType = sourcecode.swift; path = MDPMonthView.swift; sourceTree = "<group>"; };
		BC344EF92AA808FC00F8CEB3 /* MDPMonthYearPickerButton.swift */ = {isa = PBXFileReference; fileEncoding = 4; lastKnownFileType = sourcecode.swift; path = MDPMonthYearPickerButton.swift; sourceTree = "<group>"; };
		BC344EFA2AA808FC00F8CEB3 /* MDPMonthYearPicker.swift */ = {isa = PBXFileReference; fileEncoding = 4; lastKnownFileType = sourcecode.swift; path = MDPMonthYearPicker.swift; sourceTree = "<group>"; };
		BC344EFB2AA808FC00F8CEB3 /* MDPModel.swift */ = {isa = PBXFileReference; fileEncoding = 4; lastKnownFileType = sourcecode.swift; path = MDPModel.swift; sourceTree = "<group>"; };
		BC344EFC2AA808FC00F8CEB3 /* MDPContentView.swift */ = {isa = PBXFileReference; fileEncoding = 4; lastKnownFileType = sourcecode.swift; path = MDPContentView.swift; sourceTree = "<group>"; };
		BC344F042AA8092E00F8CEB3 /* PublicPlaceListView.swift */ = {isa = PBXFileReference; fileEncoding = 4; lastKnownFileType = sourcecode.swift; path = PublicPlaceListView.swift; sourceTree = "<group>"; };
		BC344F052AA8092E00F8CEB3 /* HomeView.swift */ = {isa = PBXFileReference; fileEncoding = 4; lastKnownFileType = sourcecode.swift; path = HomeView.swift; sourceTree = "<group>"; };
		BC344F062AA8092E00F8CEB3 /* HomeSearchView.swift */ = {isa = PBXFileReference; fileEncoding = 4; lastKnownFileType = sourcecode.swift; path = HomeSearchView.swift; sourceTree = "<group>"; };
		BC344F072AA8092E00F8CEB3 /* HomeEventTapView.swift */ = {isa = PBXFileReference; fileEncoding = 4; lastKnownFileType = sourcecode.swift; path = HomeEventTapView.swift; sourceTree = "<group>"; };
		BC344F082AA8092E00F8CEB3 /* PlaceListButtonView.swift */ = {isa = PBXFileReference; fileEncoding = 4; lastKnownFileType = sourcecode.swift; path = PlaceListButtonView.swift; sourceTree = "<group>"; };
		BC344F0E2AA8093800F8CEB3 /* HomePlaceListRow.swift */ = {isa = PBXFileReference; fileEncoding = 4; lastKnownFileType = sourcecode.swift; path = HomePlaceListRow.swift; sourceTree = "<group>"; };
		BC344F0F2AA8093800F8CEB3 /* PublicPlaceListRow.swift */ = {isa = PBXFileReference; fileEncoding = 4; lastKnownFileType = sourcecode.swift; path = PublicPlaceListRow.swift; sourceTree = "<group>"; };
		BC344F142AA80BF300F8CEB3 /* HomeDummy.swift */ = {isa = PBXFileReference; fileEncoding = 4; lastKnownFileType = sourcecode.swift; path = HomeDummy.swift; sourceTree = "<group>"; };
/* End PBXFileReference section */

/* Begin PBXFrameworksBuildPhase section */
		B12A849E2AA6F00D00BDF8CA /* Frameworks */ = {
			isa = PBXFrameworksBuildPhase;
			buildActionMask = 2147483647;
			files = (
				B12A84D02AA6F04400BDF8CA /* FirebaseAuth in Frameworks */,
				B12A84FC2AA7A65900BDF8CA /* BinGongGanCore in Frameworks */,
				B12A84D22AA6F04400BDF8CA /* FirebaseFirestore in Frameworks */,
				B12A84D42AA6F04400BDF8CA /* FirebaseFirestoreSwift in Frameworks */,
			);
			runOnlyForDeploymentPostprocessing = 0;
		};
		B12A84AE2AA6F01000BDF8CA /* Frameworks */ = {
			isa = PBXFrameworksBuildPhase;
			buildActionMask = 2147483647;
			files = (
			);
			runOnlyForDeploymentPostprocessing = 0;
		};
		B12A84B82AA6F01100BDF8CA /* Frameworks */ = {
			isa = PBXFrameworksBuildPhase;
			buildActionMask = 2147483647;
			files = (
			);
			runOnlyForDeploymentPostprocessing = 0;
		};
/* End PBXFrameworksBuildPhase section */

/* Begin PBXGroup section */
		3AE911632AA7FDBF005E4F71 /* Common */ = {
			isa = PBXGroup;
			children = (
				3AE911642AA7FDCC005E4F71 /* CustomTextField.swift */,
			);
			path = Common;
			sourceTree = "<group>";
		};
		538D7AC82AA802CB00D0B21A /* MyPage */ = {
			isa = PBXGroup;
			children = (
				538D7AEC2AA83DF900D0B21A /* AppInformation */,
				538D7AC92AA802CB00D0B21A /* MyPageMainView.swift */,
				538D7ACA2AA802CB00D0B21A /* CustomerService */,
				538D7ACD2AA802CB00D0B21A /* Reservation */,
				538D7AD12AA802CB00D0B21A /* Review */,
				538D7AD52AA802CB00D0B21A /* Setting */,
				538D7AD82AA802CB00D0B21A /* MyInformation */,
			);
			path = MyPage;
			sourceTree = "<group>";
		};
		538D7ACA2AA802CB00D0B21A /* CustomerService */ = {
			isa = PBXGroup;
			children = (
				538D7ACB2AA802CB00D0B21A /* AnnouncementView.swift */,
				538D7ACC2AA802CB00D0B21A /* FAQView.swift */,
				538D7AE82AA81F0D00D0B21A /* EnquiryView.swift */,
			);
			path = CustomerService;
			sourceTree = "<group>";
		};
		538D7ACD2AA802CB00D0B21A /* Reservation */ = {
			isa = PBXGroup;
			children = (
				538D7ACE2AA802CB00D0B21A /* MyReservationListView.swift */,
				538D7ACF2AA802CB00D0B21A /* ReservationCancelView.swift */,
				538D7AD02AA802CB00D0B21A /* ReservationDetailView.swift */,
			);
			path = Reservation;
			sourceTree = "<group>";
		};
		538D7AD12AA802CB00D0B21A /* Review */ = {
			isa = PBXGroup;
			children = (
				538D7AD22AA802CB00D0B21A /* MyReviewListView.swift */,
				538D7AD32AA802CB00D0B21A /* AddReviewView.swift */,
				538D7AD42AA802CB00D0B21A /* MyReviewRowView.swift */,
			);
			path = Review;
			sourceTree = "<group>";
		};
		538D7AD52AA802CB00D0B21A /* Setting */ = {
			isa = PBXGroup;
			children = (
				538D7AD62AA802CB00D0B21A /* SettingListView.swift */,
				538D7AD72AA802CB00D0B21A /* PasswordEditView.swift */,
			);
			path = Setting;
			sourceTree = "<group>";
		};
		538D7AD82AA802CB00D0B21A /* MyInformation */ = {
			isa = PBXGroup;
			children = (
				538D7AD92AA802CB00D0B21A /* MyInformationDetailView.swift */,
				538D7ADA2AA802CB00D0B21A /* MyInformationEditView.swift */,
			);
			path = MyInformation;
			sourceTree = "<group>";
		};
		538D7AEC2AA83DF900D0B21A /* AppInformation */ = {
			isa = PBXGroup;
			children = (
				538D7AEA2AA83DF100D0B21A /* AppInformationList.swift */,
			);
			path = AppInformation;
			sourceTree = "<group>";
		};
		B12A84982AA6F00D00BDF8CA = {
			isa = PBXGroup;
			children = (
				B12A84A32AA6F00D00BDF8CA /* BinGongGan_User */,
				B12A84B42AA6F01100BDF8CA /* BinGongGan_UserTests */,
				B12A84BE2AA6F01100BDF8CA /* BinGongGan_UserUITests */,
				B12A84A22AA6F00D00BDF8CA /* Products */,
				B12A84E32AA6F08F00BDF8CA /* Frameworks */,
			);
			sourceTree = "<group>";
		};
		B12A84A22AA6F00D00BDF8CA /* Products */ = {
			isa = PBXGroup;
			children = (
				B12A84A12AA6F00D00BDF8CA /* BinGongGan_User.app */,
				B12A84B12AA6F01100BDF8CA /* BinGongGan_UserTests.xctest */,
				B12A84BB2AA6F01100BDF8CA /* BinGongGan_UserUITests.xctest */,
			);
			name = Products;
			sourceTree = "<group>";
		};
		B12A84A32AA6F00D00BDF8CA /* BinGongGan_User */ = {
			isa = PBXGroup;
			children = (
				538D7AC82AA802CB00D0B21A /* MyPage */,
				B12A84E92AA6F0CE00BDF8CA /* GoogleService-Info.plist */,
				B12A84A82AA6F01000BDF8CA /* Assets.xcassets */,
				BC344EBA2AA806C200F8CEB3 /* App */,
				BC344EBD2AA806EC00F8CEB3 /* TapBar */,
				BC344EC12AA8070800F8CEB3 /* UserHome */,
				3AE911632AA7FDBF005E4F71 /* Common */,
				B12A84AA2AA6F01000BDF8CA /* Preview Content */,
			);
			path = BinGongGan_User;
			sourceTree = "<group>";
		};
		B12A84AA2AA6F01000BDF8CA /* Preview Content */ = {
			isa = PBXGroup;
			children = (
				B12A84AB2AA6F01000BDF8CA /* Preview Assets.xcassets */,
			);
			path = "Preview Content";
			sourceTree = "<group>";
		};
		B12A84B42AA6F01100BDF8CA /* BinGongGan_UserTests */ = {
			isa = PBXGroup;
			children = (
				B12A84B52AA6F01100BDF8CA /* BinGongGan_UserTests.swift */,
			);
			path = BinGongGan_UserTests;
			sourceTree = "<group>";
		};
		B12A84BE2AA6F01100BDF8CA /* BinGongGan_UserUITests */ = {
			isa = PBXGroup;
			children = (
				B12A84BF2AA6F01100BDF8CA /* BinGongGan_UserUITests.swift */,
				B12A84C12AA6F01100BDF8CA /* BinGongGan_UserUITestsLaunchTests.swift */,
			);
			path = BinGongGan_UserUITests;
			sourceTree = "<group>";
		};
		B12A84E32AA6F08F00BDF8CA /* Frameworks */ = {
			isa = PBXGroup;
			children = (
			);
			name = Frameworks;
			sourceTree = "<group>";
		};
		BC344EBA2AA806C200F8CEB3 /* App */ = {
			isa = PBXGroup;
			children = (
				B12A84A42AA6F00D00BDF8CA /* BinGongGan_UserApp.swift */,
			);
			path = App;
			sourceTree = "<group>";
		};
		BC344EBD2AA806EC00F8CEB3 /* TapBar */ = {
			isa = PBXGroup;
			children = (
				BC344EBE2AA806F900F8CEB3 /* View */,
			);
			path = TapBar;
			sourceTree = "<group>";
		};
		BC344EBE2AA806F900F8CEB3 /* View */ = {
			isa = PBXGroup;
			children = (
				BC344EBF2AA806FE00F8CEB3 /* GongGanTabView.swift */,
			);
			path = View;
			sourceTree = "<group>";
		};
		BC344EC12AA8070800F8CEB3 /* UserHome */ = {
			isa = PBXGroup;
			children = (
				BC344EC32AA8071800F8CEB3 /* View */,
				BC344EC22AA8071400F8CEB3 /* Model */,
			);
			path = UserHome;
			sourceTree = "<group>";
		};
		BC344EC22AA8071400F8CEB3 /* Model */ = {
			isa = PBXGroup;
			children = (
				BC344F142AA80BF300F8CEB3 /* HomeDummy.swift */,
				BC344EC52AA8072000F8CEB3 /* GongGanInfo.swift */,
			);
			path = Model;
			sourceTree = "<group>";
		};
		BC344EC32AA8071800F8CEB3 /* View */ = {
			isa = PBXGroup;
			children = (
				BC344ECE2AA8072F00F8CEB3 /* Reservation */,
				BC344ECD2AA8072A00F8CEB3 /* Home */,
				BC344ECC2AA8072400F8CEB3 /* Detail */,
			);
			path = View;
			sourceTree = "<group>";
		};
		BC344ECC2AA8072400F8CEB3 /* Detail */ = {
			isa = PBXGroup;
			children = (
				BC344ECF2AA8073600F8CEB3 /* GongGanDetailView.swift */,
				BC344ED02AA8073700F8CEB3 /* SubGongGanDetailView.swift */,
			);
			path = Detail;
			sourceTree = "<group>";
		};
		BC344ECD2AA8072A00F8CEB3 /* Home */ = {
			isa = PBXGroup;
			children = (
				BC344F052AA8092E00F8CEB3 /* HomeView.swift */,
				BC344F072AA8092E00F8CEB3 /* HomeEventTapView.swift */,
				BC344F062AA8092E00F8CEB3 /* HomeSearchView.swift */,
				BC344F082AA8092E00F8CEB3 /* PlaceListButtonView.swift */,
				BC344F042AA8092E00F8CEB3 /* PublicPlaceListView.swift */,
				BC344ED32AA8074000F8CEB3 /* Cell */,
			);
			path = Home;
			sourceTree = "<group>";
		};
		BC344ECE2AA8072F00F8CEB3 /* Reservation */ = {
			isa = PBXGroup;
			children = (
				BC344EF22AA808DD00F8CEB3 /* MultiDatePicker */,
				BC344EEB2AA808DA00F8CEB3 /* Reservation.swift */,
				BC344EE92AA808DA00F8CEB3 /* ReservationCalendarView.swift */,
				BC344EEA2AA808DA00F8CEB3 /* ReservationHeaderView.swift */,
				BC344EEC2AA808DB00F8CEB3 /* ReservationStore.swift */,
				BC344EE82AA808DA00F8CEB3 /* ReservationView.swift */,
			);
			path = Reservation;
			sourceTree = "<group>";
		};
		BC344ED32AA8074000F8CEB3 /* Cell */ = {
			isa = PBXGroup;
			children = (
				BC344F0E2AA8093800F8CEB3 /* HomePlaceListRow.swift */,
				BC344F0F2AA8093800F8CEB3 /* PublicPlaceListRow.swift */,
			);
			path = Cell;
			sourceTree = "<group>";
		};
		BC344EF22AA808DD00F8CEB3 /* MultiDatePicker */ = {
			isa = PBXGroup;
			children = (
				BC344EF52AA808EA00F8CEB3 /* MultiDatePickerSoure */,
				BC344EF32AA808E700F8CEB3 /* MultiDatePicker.swift */,
			);
			path = MultiDatePicker;
			sourceTree = "<group>";
		};
		BC344EF52AA808EA00F8CEB3 /* MultiDatePickerSoure */ = {
			isa = PBXGroup;
			children = (
				BC344EFC2AA808FC00F8CEB3 /* MDPContentView.swift */,
				BC344EF72AA808FC00F8CEB3 /* MDPDayOfMonth.swift */,
				BC344EF62AA808FC00F8CEB3 /* MDPDayView.swift */,
				BC344EFB2AA808FC00F8CEB3 /* MDPModel.swift */,
				BC344EF82AA808FC00F8CEB3 /* MDPMonthView.swift */,
				BC344EFA2AA808FC00F8CEB3 /* MDPMonthYearPicker.swift */,
				BC344EF92AA808FC00F8CEB3 /* MDPMonthYearPickerButton.swift */,
			);
			path = MultiDatePickerSoure;
			sourceTree = "<group>";
		};
/* End PBXGroup section */

/* Begin PBXNativeTarget section */
		B12A84A02AA6F00D00BDF8CA /* BinGongGan_User */ = {
			isa = PBXNativeTarget;
			buildConfigurationList = B12A84C52AA6F01100BDF8CA /* Build configuration list for PBXNativeTarget "BinGongGan_User" */;
			buildPhases = (
				B12A849D2AA6F00D00BDF8CA /* Sources */,
				B12A849E2AA6F00D00BDF8CA /* Frameworks */,
				B12A849F2AA6F00D00BDF8CA /* Resources */,
			);
			buildRules = (
			);
			dependencies = (
			);
			name = BinGongGan_User;
			packageProductDependencies = (
				B12A84CF2AA6F04400BDF8CA /* FirebaseAuth */,
				B12A84D12AA6F04400BDF8CA /* FirebaseFirestore */,
				B12A84D32AA6F04400BDF8CA /* FirebaseFirestoreSwift */,
				B12A84FB2AA7A65900BDF8CA /* BinGongGanCore */,
			);
			productName = BinGongGan_User;
			productReference = B12A84A12AA6F00D00BDF8CA /* BinGongGan_User.app */;
			productType = "com.apple.product-type.application";
		};
		B12A84B02AA6F01000BDF8CA /* BinGongGan_UserTests */ = {
			isa = PBXNativeTarget;
			buildConfigurationList = B12A84C82AA6F01100BDF8CA /* Build configuration list for PBXNativeTarget "BinGongGan_UserTests" */;
			buildPhases = (
				B12A84AD2AA6F01000BDF8CA /* Sources */,
				B12A84AE2AA6F01000BDF8CA /* Frameworks */,
				B12A84AF2AA6F01000BDF8CA /* Resources */,
			);
			buildRules = (
			);
			dependencies = (
				B12A84B32AA6F01100BDF8CA /* PBXTargetDependency */,
			);
			name = BinGongGan_UserTests;
			productName = BinGongGan_UserTests;
			productReference = B12A84B12AA6F01100BDF8CA /* BinGongGan_UserTests.xctest */;
			productType = "com.apple.product-type.bundle.unit-test";
		};
		B12A84BA2AA6F01100BDF8CA /* BinGongGan_UserUITests */ = {
			isa = PBXNativeTarget;
			buildConfigurationList = B12A84CB2AA6F01100BDF8CA /* Build configuration list for PBXNativeTarget "BinGongGan_UserUITests" */;
			buildPhases = (
				B12A84B72AA6F01100BDF8CA /* Sources */,
				B12A84B82AA6F01100BDF8CA /* Frameworks */,
				B12A84B92AA6F01100BDF8CA /* Resources */,
			);
			buildRules = (
			);
			dependencies = (
				B12A84BD2AA6F01100BDF8CA /* PBXTargetDependency */,
			);
			name = BinGongGan_UserUITests;
			productName = BinGongGan_UserUITests;
			productReference = B12A84BB2AA6F01100BDF8CA /* BinGongGan_UserUITests.xctest */;
			productType = "com.apple.product-type.bundle.ui-testing";
		};
/* End PBXNativeTarget section */

/* Begin PBXProject section */
		B12A84992AA6F00D00BDF8CA /* Project object */ = {
			isa = PBXProject;
			attributes = {
				BuildIndependentTargetsInParallel = 1;
				LastSwiftUpdateCheck = 1430;
				LastUpgradeCheck = 1430;
				TargetAttributes = {
					B12A84A02AA6F00D00BDF8CA = {
						CreatedOnToolsVersion = 14.3.1;
					};
					B12A84B02AA6F01000BDF8CA = {
						CreatedOnToolsVersion = 14.3.1;
						TestTargetID = B12A84A02AA6F00D00BDF8CA;
					};
					B12A84BA2AA6F01100BDF8CA = {
						CreatedOnToolsVersion = 14.3.1;
						TestTargetID = B12A84A02AA6F00D00BDF8CA;
					};
				};
			};
			buildConfigurationList = B12A849C2AA6F00D00BDF8CA /* Build configuration list for PBXProject "BinGongGan_User" */;
			compatibilityVersion = "Xcode 14.0";
			developmentRegion = en;
			hasScannedForEncodings = 0;
			knownRegions = (
				en,
				Base,
			);
			mainGroup = B12A84982AA6F00D00BDF8CA;
			packageReferences = (
				B12A84CE2AA6F04400BDF8CA /* XCRemoteSwiftPackageReference "firebase-ios-sdk" */,
			);
			productRefGroup = B12A84A22AA6F00D00BDF8CA /* Products */;
			projectDirPath = "";
			projectRoot = "";
			targets = (
				B12A84A02AA6F00D00BDF8CA /* BinGongGan_User */,
				B12A84B02AA6F01000BDF8CA /* BinGongGan_UserTests */,
				B12A84BA2AA6F01100BDF8CA /* BinGongGan_UserUITests */,
			);
		};
/* End PBXProject section */

/* Begin PBXResourcesBuildPhase section */
		B12A849F2AA6F00D00BDF8CA /* Resources */ = {
			isa = PBXResourcesBuildPhase;
			buildActionMask = 2147483647;
			files = (
				B12A84EA2AA6F0CE00BDF8CA /* GoogleService-Info.plist in Resources */,
				B12A84AC2AA6F01000BDF8CA /* Preview Assets.xcassets in Resources */,
				B12A84A92AA6F01000BDF8CA /* Assets.xcassets in Resources */,
			);
			runOnlyForDeploymentPostprocessing = 0;
		};
		B12A84AF2AA6F01000BDF8CA /* Resources */ = {
			isa = PBXResourcesBuildPhase;
			buildActionMask = 2147483647;
			files = (
				B12A84EB2AA6F0CE00BDF8CA /* GoogleService-Info.plist in Resources */,
			);
			runOnlyForDeploymentPostprocessing = 0;
		};
		B12A84B92AA6F01100BDF8CA /* Resources */ = {
			isa = PBXResourcesBuildPhase;
			buildActionMask = 2147483647;
			files = (
				B12A84EC2AA6F0CE00BDF8CA /* GoogleService-Info.plist in Resources */,
			);
			runOnlyForDeploymentPostprocessing = 0;
		};
/* End PBXResourcesBuildPhase section */

/* Begin PBXSourcesBuildPhase section */
		B12A849D2AA6F00D00BDF8CA /* Sources */ = {
			isa = PBXSourcesBuildPhase;
			buildActionMask = 2147483647;
			files = (
				538D7ADE2AA802CB00D0B21A /* MyReservationListView.swift in Sources */,
				538D7ADF2AA802CB00D0B21A /* ReservationCancelView.swift in Sources */,
				538D7ADC2AA802CB00D0B21A /* AnnouncementView.swift in Sources */,
				538D7AE72AA802CB00D0B21A /* MyInformationEditView.swift in Sources */,
				538D7ADD2AA802CB00D0B21A /* FAQView.swift in Sources */,
				538D7AE62AA802CB00D0B21A /* MyInformationDetailView.swift in Sources */,
				538D7AE42AA802CB00D0B21A /* SettingListView.swift in Sources */,
				538D7AE22AA802CB00D0B21A /* AddReviewView.swift in Sources */,
				538D7AE92AA81F0D00D0B21A /* EnquiryView.swift in Sources */,
				B12A84A52AA6F00D00BDF8CA /* BinGongGan_UserApp.swift in Sources */,
				538D7AE32AA802CB00D0B21A /* MyReviewRowView.swift in Sources */,
				538D7AE12AA802CB00D0B21A /* MyReviewListView.swift in Sources */,
				538D7AE02AA802CB00D0B21A /* ReservationDetailView.swift in Sources */,
				538D7ADB2AA802CB00D0B21A /* MyPageMainView.swift in Sources */,
				3AE911652AA7FDCC005E4F71 /* CustomTextField.swift in Sources */,
				538D7AE52AA802CB00D0B21A /* PasswordEditView.swift in Sources */,
				BC344F0C2AA8092E00F8CEB3 /* HomeEventTapView.swift in Sources */,
				BC344F0D2AA8092E00F8CEB3 /* PlaceListButtonView.swift in Sources */,
				BC344F012AA808FC00F8CEB3 /* MDPMonthYearPicker.swift in Sources */,
				BC344EF02AA808DB00F8CEB3 /* Reservation.swift in Sources */,
				BC344F032AA808FC00F8CEB3 /* MDPContentView.swift in Sources */,
				BC344EEE2AA808DB00F8CEB3 /* ReservationCalendarView.swift in Sources */,
				BC344F022AA808FC00F8CEB3 /* MDPModel.swift in Sources */,
				BC344F112AA8093800F8CEB3 /* PublicPlaceListRow.swift in Sources */,
				BC344ED22AA8073700F8CEB3 /* SubGongGanDetailView.swift in Sources */,
				B12A84A52AA6F00D00BDF8CA /* BinGongGan_UserApp.swift in Sources */,
				BC344F102AA8093800F8CEB3 /* HomePlaceListRow.swift in Sources */,
				BC344EFE2AA808FC00F8CEB3 /* MDPDayOfMonth.swift in Sources */,
				BC344EF42AA808E700F8CEB3 /* MultiDatePicker.swift in Sources */,
				BC344F152AA80BF300F8CEB3 /* HomeDummy.swift in Sources */,
				BC344EED2AA808DB00F8CEB3 /* ReservationView.swift in Sources */,
				BC344ED12AA8073700F8CEB3 /* GongGanDetailView.swift in Sources */,
				BC344F002AA808FC00F8CEB3 /* MDPMonthYearPickerButton.swift in Sources */,
				BC344EEF2AA808DB00F8CEB3 /* ReservationHeaderView.swift in Sources */,
				BC344F0A2AA8092E00F8CEB3 /* HomeView.swift in Sources */,
				BC344EFF2AA808FC00F8CEB3 /* MDPMonthView.swift in Sources */,
				BC344F092AA8092E00F8CEB3 /* PublicPlaceListView.swift in Sources */,
				BC344EFD2AA808FC00F8CEB3 /* MDPDayView.swift in Sources */,
				538D7AEB2AA83DF100D0B21A /* AppInformationList.swift in Sources */,
				BC344EC02AA806FF00F8CEB3 /* GongGanTabView.swift in Sources */,
				BC344EF12AA808DB00F8CEB3 /* ReservationStore.swift in Sources */,
				3AE911652AA7FDCC005E4F71 /* CustomTextField.swift in Sources */,
				BC344F0B2AA8092E00F8CEB3 /* HomeSearchView.swift in Sources */,
				BC344EC92AA8072000F8CEB3 /* GongGanInfo.swift in Sources */,
			);
			runOnlyForDeploymentPostprocessing = 0;
		};
		B12A84AD2AA6F01000BDF8CA /* Sources */ = {
			isa = PBXSourcesBuildPhase;
			buildActionMask = 2147483647;
			files = (
				B12A84B62AA6F01100BDF8CA /* BinGongGan_UserTests.swift in Sources */,
			);
			runOnlyForDeploymentPostprocessing = 0;
		};
		B12A84B72AA6F01100BDF8CA /* Sources */ = {
			isa = PBXSourcesBuildPhase;
			buildActionMask = 2147483647;
			files = (
				B12A84C02AA6F01100BDF8CA /* BinGongGan_UserUITests.swift in Sources */,
				B12A84C22AA6F01100BDF8CA /* BinGongGan_UserUITestsLaunchTests.swift in Sources */,
			);
			runOnlyForDeploymentPostprocessing = 0;
		};
/* End PBXSourcesBuildPhase section */

/* Begin PBXTargetDependency section */
		B12A84B32AA6F01100BDF8CA /* PBXTargetDependency */ = {
			isa = PBXTargetDependency;
			target = B12A84A02AA6F00D00BDF8CA /* BinGongGan_User */;
			targetProxy = B12A84B22AA6F01100BDF8CA /* PBXContainerItemProxy */;
		};
		B12A84BD2AA6F01100BDF8CA /* PBXTargetDependency */ = {
			isa = PBXTargetDependency;
			target = B12A84A02AA6F00D00BDF8CA /* BinGongGan_User */;
			targetProxy = B12A84BC2AA6F01100BDF8CA /* PBXContainerItemProxy */;
		};
/* End PBXTargetDependency section */

/* Begin XCBuildConfiguration section */
		B12A84C32AA6F01100BDF8CA /* Debug */ = {
			isa = XCBuildConfiguration;
			buildSettings = {
				ALWAYS_SEARCH_USER_PATHS = NO;
				CLANG_ANALYZER_NONNULL = YES;
				CLANG_ANALYZER_NUMBER_OBJECT_CONVERSION = YES_AGGRESSIVE;
				CLANG_CXX_LANGUAGE_STANDARD = "gnu++20";
				CLANG_ENABLE_MODULES = YES;
				CLANG_ENABLE_OBJC_ARC = YES;
				CLANG_ENABLE_OBJC_WEAK = YES;
				CLANG_WARN_BLOCK_CAPTURE_AUTORELEASING = YES;
				CLANG_WARN_BOOL_CONVERSION = YES;
				CLANG_WARN_COMMA = YES;
				CLANG_WARN_CONSTANT_CONVERSION = YES;
				CLANG_WARN_DEPRECATED_OBJC_IMPLEMENTATIONS = YES;
				CLANG_WARN_DIRECT_OBJC_ISA_USAGE = YES_ERROR;
				CLANG_WARN_DOCUMENTATION_COMMENTS = YES;
				CLANG_WARN_EMPTY_BODY = YES;
				CLANG_WARN_ENUM_CONVERSION = YES;
				CLANG_WARN_INFINITE_RECURSION = YES;
				CLANG_WARN_INT_CONVERSION = YES;
				CLANG_WARN_NON_LITERAL_NULL_CONVERSION = YES;
				CLANG_WARN_OBJC_IMPLICIT_RETAIN_SELF = YES;
				CLANG_WARN_OBJC_LITERAL_CONVERSION = YES;
				CLANG_WARN_OBJC_ROOT_CLASS = YES_ERROR;
				CLANG_WARN_QUOTED_INCLUDE_IN_FRAMEWORK_HEADER = YES;
				CLANG_WARN_RANGE_LOOP_ANALYSIS = YES;
				CLANG_WARN_STRICT_PROTOTYPES = YES;
				CLANG_WARN_SUSPICIOUS_MOVE = YES;
				CLANG_WARN_UNGUARDED_AVAILABILITY = YES_AGGRESSIVE;
				CLANG_WARN_UNREACHABLE_CODE = YES;
				CLANG_WARN__DUPLICATE_METHOD_MATCH = YES;
				COPY_PHASE_STRIP = NO;
				DEBUG_INFORMATION_FORMAT = dwarf;
				ENABLE_STRICT_OBJC_MSGSEND = YES;
				ENABLE_TESTABILITY = YES;
				GCC_C_LANGUAGE_STANDARD = gnu11;
				GCC_DYNAMIC_NO_PIC = NO;
				GCC_NO_COMMON_BLOCKS = YES;
				GCC_OPTIMIZATION_LEVEL = 0;
				GCC_PREPROCESSOR_DEFINITIONS = (
					"DEBUG=1",
					"$(inherited)",
				);
				GCC_WARN_64_TO_32_BIT_CONVERSION = YES;
				GCC_WARN_ABOUT_RETURN_TYPE = YES_ERROR;
				GCC_WARN_UNDECLARED_SELECTOR = YES;
				GCC_WARN_UNINITIALIZED_AUTOS = YES_AGGRESSIVE;
				GCC_WARN_UNUSED_FUNCTION = YES;
				GCC_WARN_UNUSED_VARIABLE = YES;
				IPHONEOS_DEPLOYMENT_TARGET = 16.4;
				MTL_ENABLE_DEBUG_INFO = INCLUDE_SOURCE;
				MTL_FAST_MATH = YES;
				ONLY_ACTIVE_ARCH = YES;
				SDKROOT = iphoneos;
				SWIFT_ACTIVE_COMPILATION_CONDITIONS = DEBUG;
				SWIFT_OPTIMIZATION_LEVEL = "-Onone";
			};
			name = Debug;
		};
		B12A84C42AA6F01100BDF8CA /* Release */ = {
			isa = XCBuildConfiguration;
			buildSettings = {
				ALWAYS_SEARCH_USER_PATHS = NO;
				CLANG_ANALYZER_NONNULL = YES;
				CLANG_ANALYZER_NUMBER_OBJECT_CONVERSION = YES_AGGRESSIVE;
				CLANG_CXX_LANGUAGE_STANDARD = "gnu++20";
				CLANG_ENABLE_MODULES = YES;
				CLANG_ENABLE_OBJC_ARC = YES;
				CLANG_ENABLE_OBJC_WEAK = YES;
				CLANG_WARN_BLOCK_CAPTURE_AUTORELEASING = YES;
				CLANG_WARN_BOOL_CONVERSION = YES;
				CLANG_WARN_COMMA = YES;
				CLANG_WARN_CONSTANT_CONVERSION = YES;
				CLANG_WARN_DEPRECATED_OBJC_IMPLEMENTATIONS = YES;
				CLANG_WARN_DIRECT_OBJC_ISA_USAGE = YES_ERROR;
				CLANG_WARN_DOCUMENTATION_COMMENTS = YES;
				CLANG_WARN_EMPTY_BODY = YES;
				CLANG_WARN_ENUM_CONVERSION = YES;
				CLANG_WARN_INFINITE_RECURSION = YES;
				CLANG_WARN_INT_CONVERSION = YES;
				CLANG_WARN_NON_LITERAL_NULL_CONVERSION = YES;
				CLANG_WARN_OBJC_IMPLICIT_RETAIN_SELF = YES;
				CLANG_WARN_OBJC_LITERAL_CONVERSION = YES;
				CLANG_WARN_OBJC_ROOT_CLASS = YES_ERROR;
				CLANG_WARN_QUOTED_INCLUDE_IN_FRAMEWORK_HEADER = YES;
				CLANG_WARN_RANGE_LOOP_ANALYSIS = YES;
				CLANG_WARN_STRICT_PROTOTYPES = YES;
				CLANG_WARN_SUSPICIOUS_MOVE = YES;
				CLANG_WARN_UNGUARDED_AVAILABILITY = YES_AGGRESSIVE;
				CLANG_WARN_UNREACHABLE_CODE = YES;
				CLANG_WARN__DUPLICATE_METHOD_MATCH = YES;
				COPY_PHASE_STRIP = NO;
				DEBUG_INFORMATION_FORMAT = "dwarf-with-dsym";
				ENABLE_NS_ASSERTIONS = NO;
				ENABLE_STRICT_OBJC_MSGSEND = YES;
				GCC_C_LANGUAGE_STANDARD = gnu11;
				GCC_NO_COMMON_BLOCKS = YES;
				GCC_WARN_64_TO_32_BIT_CONVERSION = YES;
				GCC_WARN_ABOUT_RETURN_TYPE = YES_ERROR;
				GCC_WARN_UNDECLARED_SELECTOR = YES;
				GCC_WARN_UNINITIALIZED_AUTOS = YES_AGGRESSIVE;
				GCC_WARN_UNUSED_FUNCTION = YES;
				GCC_WARN_UNUSED_VARIABLE = YES;
				IPHONEOS_DEPLOYMENT_TARGET = 16.4;
				MTL_ENABLE_DEBUG_INFO = NO;
				MTL_FAST_MATH = YES;
				SDKROOT = iphoneos;
				SWIFT_COMPILATION_MODE = wholemodule;
				SWIFT_OPTIMIZATION_LEVEL = "-O";
				VALIDATE_PRODUCT = YES;
			};
			name = Release;
		};
		B12A84C62AA6F01100BDF8CA /* Debug */ = {
			isa = XCBuildConfiguration;
			buildSettings = {
				ASSETCATALOG_COMPILER_APPICON_NAME = AppIcon;
				ASSETCATALOG_COMPILER_GLOBAL_ACCENT_COLOR_NAME = AccentColor;
				CODE_SIGN_STYLE = Automatic;
				CURRENT_PROJECT_VERSION = 1;
				DEVELOPMENT_ASSET_PATHS = "\"BinGongGan_User/Preview Content\"";
				ENABLE_PREVIEWS = YES;
				GENERATE_INFOPLIST_FILE = YES;
				INFOPLIST_KEY_CFBundleDisplayName = "빈공간";
				INFOPLIST_KEY_UIApplicationSceneManifest_Generation = YES;
				INFOPLIST_KEY_UIApplicationSupportsIndirectInputEvents = YES;
				INFOPLIST_KEY_UILaunchScreen_Generation = YES;
				INFOPLIST_KEY_UISupportedInterfaceOrientations_iPad = "UIInterfaceOrientationPortrait UIInterfaceOrientationPortraitUpsideDown UIInterfaceOrientationLandscapeLeft UIInterfaceOrientationLandscapeRight";
				INFOPLIST_KEY_UISupportedInterfaceOrientations_iPhone = "UIInterfaceOrientationPortrait UIInterfaceOrientationLandscapeLeft UIInterfaceOrientationLandscapeRight";
				LD_RUNPATH_SEARCH_PATHS = (
					"$(inherited)",
					"@executable_path/Frameworks",
				);
				MARKETING_VERSION = 1.0;
				PRODUCT_BUNDLE_IDENTIFIER = "com.ZD.BinGongGan-User";
				PRODUCT_NAME = "$(TARGET_NAME)";
				SWIFT_EMIT_LOC_STRINGS = YES;
				SWIFT_VERSION = 5.0;
				TARGETED_DEVICE_FAMILY = "1,2";
			};
			name = Debug;
		};
		B12A84C72AA6F01100BDF8CA /* Release */ = {
			isa = XCBuildConfiguration;
			buildSettings = {
				ASSETCATALOG_COMPILER_APPICON_NAME = AppIcon;
				ASSETCATALOG_COMPILER_GLOBAL_ACCENT_COLOR_NAME = AccentColor;
				CODE_SIGN_STYLE = Automatic;
				CURRENT_PROJECT_VERSION = 1;
				DEVELOPMENT_ASSET_PATHS = "\"BinGongGan_User/Preview Content\"";
				ENABLE_PREVIEWS = YES;
				GENERATE_INFOPLIST_FILE = YES;
				INFOPLIST_KEY_CFBundleDisplayName = "빈공간";
				INFOPLIST_KEY_UIApplicationSceneManifest_Generation = YES;
				INFOPLIST_KEY_UIApplicationSupportsIndirectInputEvents = YES;
				INFOPLIST_KEY_UILaunchScreen_Generation = YES;
				INFOPLIST_KEY_UISupportedInterfaceOrientations_iPad = "UIInterfaceOrientationPortrait UIInterfaceOrientationPortraitUpsideDown UIInterfaceOrientationLandscapeLeft UIInterfaceOrientationLandscapeRight";
				INFOPLIST_KEY_UISupportedInterfaceOrientations_iPhone = "UIInterfaceOrientationPortrait UIInterfaceOrientationLandscapeLeft UIInterfaceOrientationLandscapeRight";
				LD_RUNPATH_SEARCH_PATHS = (
					"$(inherited)",
					"@executable_path/Frameworks",
				);
				MARKETING_VERSION = 1.0;
				PRODUCT_BUNDLE_IDENTIFIER = "com.ZD.BinGongGan-User";
				PRODUCT_NAME = "$(TARGET_NAME)";
				SWIFT_EMIT_LOC_STRINGS = YES;
				SWIFT_VERSION = 5.0;
				TARGETED_DEVICE_FAMILY = "1,2";
			};
			name = Release;
		};
		B12A84C92AA6F01100BDF8CA /* Debug */ = {
			isa = XCBuildConfiguration;
			buildSettings = {
				ALWAYS_EMBED_SWIFT_STANDARD_LIBRARIES = YES;
				BUNDLE_LOADER = "$(TEST_HOST)";
				CODE_SIGN_STYLE = Automatic;
				CURRENT_PROJECT_VERSION = 1;
				GENERATE_INFOPLIST_FILE = YES;
				IPHONEOS_DEPLOYMENT_TARGET = 16.4;
				MARKETING_VERSION = 1.0;
				PRODUCT_BUNDLE_IDENTIFIER = "com.ZD.BinGongGan-UserTests";
				PRODUCT_NAME = "$(TARGET_NAME)";
				SWIFT_EMIT_LOC_STRINGS = NO;
				SWIFT_VERSION = 5.0;
				TARGETED_DEVICE_FAMILY = "1,2";
				TEST_HOST = "$(BUILT_PRODUCTS_DIR)/BinGongGan_User.app/$(BUNDLE_EXECUTABLE_FOLDER_PATH)/BinGongGan_User";
			};
			name = Debug;
		};
		B12A84CA2AA6F01100BDF8CA /* Release */ = {
			isa = XCBuildConfiguration;
			buildSettings = {
				ALWAYS_EMBED_SWIFT_STANDARD_LIBRARIES = YES;
				BUNDLE_LOADER = "$(TEST_HOST)";
				CODE_SIGN_STYLE = Automatic;
				CURRENT_PROJECT_VERSION = 1;
				GENERATE_INFOPLIST_FILE = YES;
				IPHONEOS_DEPLOYMENT_TARGET = 16.4;
				MARKETING_VERSION = 1.0;
				PRODUCT_BUNDLE_IDENTIFIER = "com.ZD.BinGongGan-UserTests";
				PRODUCT_NAME = "$(TARGET_NAME)";
				SWIFT_EMIT_LOC_STRINGS = NO;
				SWIFT_VERSION = 5.0;
				TARGETED_DEVICE_FAMILY = "1,2";
				TEST_HOST = "$(BUILT_PRODUCTS_DIR)/BinGongGan_User.app/$(BUNDLE_EXECUTABLE_FOLDER_PATH)/BinGongGan_User";
			};
			name = Release;
		};
		B12A84CC2AA6F01100BDF8CA /* Debug */ = {
			isa = XCBuildConfiguration;
			buildSettings = {
				ALWAYS_EMBED_SWIFT_STANDARD_LIBRARIES = YES;
				CODE_SIGN_STYLE = Automatic;
				CURRENT_PROJECT_VERSION = 1;
				GENERATE_INFOPLIST_FILE = YES;
				MARKETING_VERSION = 1.0;
				PRODUCT_BUNDLE_IDENTIFIER = "com.ZD.BinGongGan-UserUITests";
				PRODUCT_NAME = "$(TARGET_NAME)";
				SWIFT_EMIT_LOC_STRINGS = NO;
				SWIFT_VERSION = 5.0;
				TARGETED_DEVICE_FAMILY = "1,2";
				TEST_TARGET_NAME = BinGongGan_User;
			};
			name = Debug;
		};
		B12A84CD2AA6F01100BDF8CA /* Release */ = {
			isa = XCBuildConfiguration;
			buildSettings = {
				ALWAYS_EMBED_SWIFT_STANDARD_LIBRARIES = YES;
				CODE_SIGN_STYLE = Automatic;
				CURRENT_PROJECT_VERSION = 1;
				GENERATE_INFOPLIST_FILE = YES;
				MARKETING_VERSION = 1.0;
				PRODUCT_BUNDLE_IDENTIFIER = "com.ZD.BinGongGan-UserUITests";
				PRODUCT_NAME = "$(TARGET_NAME)";
				SWIFT_EMIT_LOC_STRINGS = NO;
				SWIFT_VERSION = 5.0;
				TARGETED_DEVICE_FAMILY = "1,2";
				TEST_TARGET_NAME = BinGongGan_User;
			};
			name = Release;
		};
/* End XCBuildConfiguration section */

/* Begin XCConfigurationList section */
		B12A849C2AA6F00D00BDF8CA /* Build configuration list for PBXProject "BinGongGan_User" */ = {
			isa = XCConfigurationList;
			buildConfigurations = (
				B12A84C32AA6F01100BDF8CA /* Debug */,
				B12A84C42AA6F01100BDF8CA /* Release */,
			);
			defaultConfigurationIsVisible = 0;
			defaultConfigurationName = Release;
		};
		B12A84C52AA6F01100BDF8CA /* Build configuration list for PBXNativeTarget "BinGongGan_User" */ = {
			isa = XCConfigurationList;
			buildConfigurations = (
				B12A84C62AA6F01100BDF8CA /* Debug */,
				B12A84C72AA6F01100BDF8CA /* Release */,
			);
			defaultConfigurationIsVisible = 0;
			defaultConfigurationName = Release;
		};
		B12A84C82AA6F01100BDF8CA /* Build configuration list for PBXNativeTarget "BinGongGan_UserTests" */ = {
			isa = XCConfigurationList;
			buildConfigurations = (
				B12A84C92AA6F01100BDF8CA /* Debug */,
				B12A84CA2AA6F01100BDF8CA /* Release */,
			);
			defaultConfigurationIsVisible = 0;
			defaultConfigurationName = Release;
		};
		B12A84CB2AA6F01100BDF8CA /* Build configuration list for PBXNativeTarget "BinGongGan_UserUITests" */ = {
			isa = XCConfigurationList;
			buildConfigurations = (
				B12A84CC2AA6F01100BDF8CA /* Debug */,
				B12A84CD2AA6F01100BDF8CA /* Release */,
			);
			defaultConfigurationIsVisible = 0;
			defaultConfigurationName = Release;
		};
/* End XCConfigurationList section */

/* Begin XCRemoteSwiftPackageReference section */
		B12A84CE2AA6F04400BDF8CA /* XCRemoteSwiftPackageReference "firebase-ios-sdk" */ = {
			isa = XCRemoteSwiftPackageReference;
			repositoryURL = "https://github.com/firebase/firebase-ios-sdk.git";
			requirement = {
				kind = upToNextMajorVersion;
				minimumVersion = 10.0.0;
			};
		};
/* End XCRemoteSwiftPackageReference section */

/* Begin XCSwiftPackageProductDependency section */
		B12A84CF2AA6F04400BDF8CA /* FirebaseAuth */ = {
			isa = XCSwiftPackageProductDependency;
			package = B12A84CE2AA6F04400BDF8CA /* XCRemoteSwiftPackageReference "firebase-ios-sdk" */;
			productName = FirebaseAuth;
		};
		B12A84D12AA6F04400BDF8CA /* FirebaseFirestore */ = {
			isa = XCSwiftPackageProductDependency;
			package = B12A84CE2AA6F04400BDF8CA /* XCRemoteSwiftPackageReference "firebase-ios-sdk" */;
			productName = FirebaseFirestore;
		};
		B12A84D32AA6F04400BDF8CA /* FirebaseFirestoreSwift */ = {
			isa = XCSwiftPackageProductDependency;
			package = B12A84CE2AA6F04400BDF8CA /* XCRemoteSwiftPackageReference "firebase-ios-sdk" */;
			productName = FirebaseFirestoreSwift;
		};
		B12A84FB2AA7A65900BDF8CA /* BinGongGanCore */ = {
			isa = XCSwiftPackageProductDependency;
			productName = BinGongGanCore;
		};
/* End XCSwiftPackageProductDependency section */
	};
	rootObject = B12A84992AA6F00D00BDF8CA /* Project object */;
}
